PODS:
  - FBSnapshotTestCase (2.1.4):
    - FBSnapshotTestCase/SwiftSupport (= 2.1.4)
  - FBSnapshotTestCase/Core (2.1.4)
  - FBSnapshotTestCase/SwiftSupport (2.1.4):
    - FBSnapshotTestCase/Core
  - MJRefresh (3.1.15)
  - SwipeTableView (0.2.6)
  - TYPageViewController (0.1.4):
    - MJRefresh (= 3.1.15)
    - SwipeTableView

DEPENDENCIES:
  - FBSnapshotTestCase
  - TYPageViewController (from `../`)

EXTERNAL SOURCES:
  TYPageViewController:
    :path: ../

SPEC CHECKSUMS:
  FBSnapshotTestCase: 094f9f314decbabe373b87cc339bea235a63e07a
  MJRefresh: 9af70f5f9327a2cf87f0fb5929f35fcc2fa638ea
  SwipeTableView: 67d8a2e6e18bd38c188fd4fabda0b278eaa08d2f
  TYPageViewController: e3d4465ebc6b009a38d26e78835e2cb2976a3192

PODFILE CHECKSUM: 3fa2c91a93b3d88b862c66ad427b99dad9182827

COCOAPODS: 1.3.1
