// !$*UTF8*$!
{
	archiveVersion = 1;
	classes = {
	};
	objectVersion = 46;
	objects = {

/* Begin PBXBuildFile section */
		6003F58E195388D20070C39A /* Foundation.framework in Frameworks */ = {isa = PBXBuildFile; fileRef = 6003F58D195388D20070C39A /* Foundation.framework */; };
		6003F590195388D20070C39A /* CoreGraphics.framework in Frameworks */ = {isa = PBXBuildFile; fileRef = 6003F58F195388D20070C39A /* CoreGraphics.framework */; };
		6003F592195388D20070C39A /* UIKit.framework in Frameworks */ = {isa = PBXBuildFile; fileRef = 6003F591195388D20070C39A /* UIKit.framework */; };
		6003F598195388D20070C39A /* InfoPlist.strings in Resources */ = {isa = PBXBuildFile; fileRef = 6003F596195388D20070C39A /* InfoPlist.strings */; };
		6003F59A195388D20070C39A /* main.m in Sources */ = {isa = PBXBuildFile; fileRef = 6003F599195388D20070C39A /* main.m */; };
		6003F59E195388D20070C39A /* TYAppDelegate.m in Sources */ = {isa = PBXBuildFile; fileRef = 6003F59D195388D20070C39A /* TYAppDelegate.m */; };
		6003F5A7195388D20070C39A /* TYViewController.m in Sources */ = {isa = PBXBuildFile; fileRef = 6003F5A6195388D20070C39A /* TYViewController.m */; };
		6003F5A9195388D20070C39A /* Images.xcassets in Resources */ = {isa = PBXBuildFile; fileRef = 6003F5A8195388D20070C39A /* Images.xcassets */; };
		6003F5B0195388D20070C39A /* XCTest.framework in Frameworks */ = {isa = PBXBuildFile; fileRef = 6003F5AF195388D20070C39A /* XCTest.framework */; };
		6003F5B1195388D20070C39A /* Foundation.framework in Frameworks */ = {isa = PBXBuildFile; fileRef = 6003F58D195388D20070C39A /* Foundation.framework */; };
		6003F5B2195388D20070C39A /* UIKit.framework in Frameworks */ = {isa = PBXBuildFile; fileRef = 6003F591195388D20070C39A /* UIKit.framework */; };
		6003F5BA195388D20070C39A /* InfoPlist.strings in Resources */ = {isa = PBXBuildFile; fileRef = 6003F5B8195388D20070C39A /* InfoPlist.strings */; };
		6003F5BC195388D20070C39A /* Tests.m in Sources */ = {isa = PBXBuildFile; fileRef = 6003F5BB195388D20070C39A /* Tests.m */; };
		6D0972B9202AF463006B0B20 /* TYTabBarController.m in Sources */ = {isa = PBXBuildFile; fileRef = 6D0972B8202AF462006B0B20 /* TYTabBarController.m */; };
		6D59A9A020711CAE00955DB1 /* LICENSE in Resources */ = {isa = PBXBuildFile; fileRef = 6D59A96F20711CAE00955DB1 /* LICENSE */; };
		6D59A9A120711CAE00955DB1 /* UIScrollView+MJRefresh.m in Sources */ = {isa = PBXBuildFile; fileRef = 6D59A97120711CAE00955DB1 /* UIScrollView+MJRefresh.m */; };
		6D59A9A220711CAE00955DB1 /* MJRefreshConst.m in Sources */ = {isa = PBXBuildFile; fileRef = 6D59A97220711CAE00955DB1 /* MJRefreshConst.m */; };
		6D59A9A320711CAE00955DB1 /* MJRefresh.bundle in Resources */ = {isa = PBXBuildFile; fileRef = 6D59A97620711CAE00955DB1 /* MJRefresh.bundle */; };
		6D59A9A420711CAE00955DB1 /* UIScrollView+MJExtension.m in Sources */ = {isa = PBXBuildFile; fileRef = 6D59A97820711CAE00955DB1 /* UIScrollView+MJExtension.m */; };
		6D59A9A520711CAE00955DB1 /* NSBundle+MJRefresh.m in Sources */ = {isa = PBXBuildFile; fileRef = 6D59A97B20711CAE00955DB1 /* NSBundle+MJRefresh.m */; };
		6D59A9A620711CAE00955DB1 /* UIView+MJExtension.m in Sources */ = {isa = PBXBuildFile; fileRef = 6D59A97C20711CAE00955DB1 /* UIView+MJExtension.m */; };
		6D59A9A720711CAE00955DB1 /* MJRefreshBackGifFooter.m in Sources */ = {isa = PBXBuildFile; fileRef = 6D59A98320711CAE00955DB1 /* MJRefreshBackGifFooter.m */; };
		6D59A9A820711CAE00955DB1 /* MJRefreshBackStateFooter.m in Sources */ = {isa = PBXBuildFile; fileRef = 6D59A98420711CAE00955DB1 /* MJRefreshBackStateFooter.m */; };
		6D59A9A920711CAE00955DB1 /* MJRefreshBackNormalFooter.m in Sources */ = {isa = PBXBuildFile; fileRef = 6D59A98520711CAE00955DB1 /* MJRefreshBackNormalFooter.m */; };
		6D59A9AA20711CAE00955DB1 /* MJRefreshAutoStateFooter.m in Sources */ = {isa = PBXBuildFile; fileRef = 6D59A98A20711CAE00955DB1 /* MJRefreshAutoStateFooter.m */; };
		6D59A9AB20711CAE00955DB1 /* MJRefreshAutoGifFooter.m in Sources */ = {isa = PBXBuildFile; fileRef = 6D59A98B20711CAE00955DB1 /* MJRefreshAutoGifFooter.m */; };
		6D59A9AC20711CAE00955DB1 /* MJRefreshAutoNormalFooter.m in Sources */ = {isa = PBXBuildFile; fileRef = 6D59A98C20711CAE00955DB1 /* MJRefreshAutoNormalFooter.m */; };
		6D59A9AD20711CAE00955DB1 /* MJRefreshNormalHeader.m in Sources */ = {isa = PBXBuildFile; fileRef = 6D59A98E20711CAE00955DB1 /* MJRefreshNormalHeader.m */; };
		6D59A9AE20711CAE00955DB1 /* MJRefreshStateHeader.m in Sources */ = {isa = PBXBuildFile; fileRef = 6D59A99220711CAE00955DB1 /* MJRefreshStateHeader.m */; };
		6D59A9AF20711CAE00955DB1 /* MJRefreshGifHeader.m in Sources */ = {isa = PBXBuildFile; fileRef = 6D59A99320711CAE00955DB1 /* MJRefreshGifHeader.m */; };
		6D59A9B020711CAE00955DB1 /* MJRefreshFooter.m in Sources */ = {isa = PBXBuildFile; fileRef = 6D59A99520711CAE00955DB1 /* MJRefreshFooter.m */; };
		6D59A9B120711CAE00955DB1 /* MJRefreshHeader.m in Sources */ = {isa = PBXBuildFile; fileRef = 6D59A99720711CAE00955DB1 /* MJRefreshHeader.m */; };
		6D59A9B220711CAE00955DB1 /* MJRefreshBackFooter.m in Sources */ = {isa = PBXBuildFile; fileRef = 6D59A99920711CAE00955DB1 /* MJRefreshBackFooter.m */; };
		6D59A9B320711CAE00955DB1 /* MJRefreshAutoFooter.m in Sources */ = {isa = PBXBuildFile; fileRef = 6D59A99A20711CAE00955DB1 /* MJRefreshAutoFooter.m */; };
		6D59A9B420711CAE00955DB1 /* MJRefreshComponent.m in Sources */ = {isa = PBXBuildFile; fileRef = 6D59A99C20711CAE00955DB1 /* MJRefreshComponent.m */; };
		6D59A9B520711CAE00955DB1 /* README.md in Resources */ = {isa = PBXBuildFile; fileRef = 6D59A99F20711CAE00955DB1 /* README.md */; };
		6D59A9B8207120B000955DB1 /* Demo.gif in Resources */ = {isa = PBXBuildFile; fileRef = 6D59A9B7207120B000955DB1 /* Demo.gif */; };
		6D6143EB203FF3A700690FCD /* TYTestOneViewController.m in Sources */ = {isa = PBXBuildFile; fileRef = 6D6143EA203FF3A700690FCD /* TYTestOneViewController.m */; };
		6D6143EE203FF3B800690FCD /* TYTestTwoViewController.m in Sources */ = {isa = PBXBuildFile; fileRef = 6D6143ED203FF3B800690FCD /* TYTestTwoViewController.m */; };
		6D6143F1203FF3D300690FCD /* TYThreeViewController.m in Sources */ = {isa = PBXBuildFile; fileRef = 6D6143F0203FF3D300690FCD /* TYThreeViewController.m */; };
		6D6143F4203FF4C700690FCD /* TYTabBar.m in Sources */ = {isa = PBXBuildFile; fileRef = 6D6143F3203FF4C700690FCD /* TYTabBar.m */; };
		6D6143F7203FFC9D00690FCD /* TYPublishedViewController.m in Sources */ = {isa = PBXBuildFile; fileRef = 6D6143F6203FFC9D00690FCD /* TYPublishedViewController.m */; };
		6D6143FD203FFDF700690FCD /* TYPublishTransitionDelegate.m in Sources */ = {isa = PBXBuildFile; fileRef = 6D6143F9203FFDF600690FCD /* TYPublishTransitionDelegate.m */; };
		6D6143FE203FFDF700690FCD /* TYPublishTransitionAnimator.m in Sources */ = {isa = PBXBuildFile; fileRef = 6D6143FB203FFDF600690FCD /* TYPublishTransitionAnimator.m */; };
		6D6144112040581600690FCD /* TYCircleProgressView.m in Sources */ = {isa = PBXBuildFile; fileRef = 6D6144102040581600690FCD /* TYCircleProgressView.m */; };
		6D6921E92021959B00201D06 /* TYCreateionRootViewController.m in Sources */ = {isa = PBXBuildFile; fileRef = 6D6921E82021959B00201D06 /* TYCreateionRootViewController.m */; };
		6D6921ED202195D600201D06 /* TYDemo1ViewController.m in Sources */ = {isa = PBXBuildFile; fileRef = 6D6921EC202195D600201D06 /* TYDemo1ViewController.m */; };
		6DB6CDD5205A5525000CAEF6 /* TestView.xib in Resources */ = {isa = PBXBuildFile; fileRef = 6DB6CDD4205A5525000CAEF6 /* TestView.xib */; };
		6DB6CDD8205A553A000CAEF6 /* TestView.m in Sources */ = {isa = PBXBuildFile; fileRef = 6DB6CDD7205A553A000CAEF6 /* TestView.m */; };
		6DC380CB201A1F290063B3D7 /* MTHomeRootViewController.m in Sources */ = {isa = PBXBuildFile; fileRef = 6DC380CA201A1F290063B3D7 /* MTHomeRootViewController.m */; };
		6DC380CE201A25030063B3D7 /* TYRecommetViewController.m in Sources */ = {isa = PBXBuildFile; fileRef = 6DC380CD201A25030063B3D7 /* TYRecommetViewController.m */; };
		6DCF7E3E206C652700A7EB68 /* TYMainModuleViewController.m in Sources */ = {isa = PBXBuildFile; fileRef = 6DCF7E3D206C652700A7EB68 /* TYMainModuleViewController.m */; };
		6DCF7E41206C654300A7EB68 /* TYWeiBoDemoViewController.m in Sources */ = {isa = PBXBuildFile; fileRef = 6DCF7E40206C654300A7EB68 /* TYWeiBoDemoViewController.m */; };
		6DCF7E44206CA31B00A7EB68 /* TYWeiBoHomeViewController.m in Sources */ = {isa = PBXBuildFile; fileRef = 6DCF7E43206CA31B00A7EB68 /* TYWeiBoHomeViewController.m */; };
		6DCF7E47206CA32700A7EB68 /* TYWeiBoViewController.m in Sources */ = {isa = PBXBuildFile; fileRef = 6DCF7E46206CA32700A7EB68 /* TYWeiBoViewController.m */; };
		6DCF7E4A206CA33600A7EB68 /* TYWeiBoVideoViewController.m in Sources */ = {isa = PBXBuildFile; fileRef = 6DCF7E49206CA33600A7EB68 /* TYWeiBoVideoViewController.m */; };
		6DCF7E4D206CA34400A7EB68 /* TYWeiBoPhotoViewController.m in Sources */ = {isa = PBXBuildFile; fileRef = 6DCF7E4C206CA34400A7EB68 /* TYWeiBoPhotoViewController.m */; };
		6DCF7E64206CB30B00A7EB68 /* UINavigationController+SimpleNavigationBar.m in Sources */ = {isa = PBXBuildFile; fileRef = 6DCF7E54206CB30B00A7EB68 /* UINavigationController+SimpleNavigationBar.m */; };
		6DCF7E65206CB30B00A7EB68 /* UINavigationBar+SimpleNavigationBar.m in Sources */ = {isa = PBXBuildFile; fileRef = 6DCF7E55206CB30B00A7EB68 /* UINavigationBar+SimpleNavigationBar.m */; };
		6DCF7E66206CB30B00A7EB68 /* NSObject+SimpleNavigationBar.m in Sources */ = {isa = PBXBuildFile; fileRef = 6DCF7E56206CB30B00A7EB68 /* NSObject+SimpleNavigationBar.m */; };
		6DCF7E67206CB30B00A7EB68 /* UIViewController+SimpleNavigationBar.m in Sources */ = {isa = PBXBuildFile; fileRef = 6DCF7E58206CB30B00A7EB68 /* UIViewController+SimpleNavigationBar.m */; };
		6DCF7E68206CB30B00A7EB68 /* SimpleNavigationCustomBar.m in Sources */ = {isa = PBXBuildFile; fileRef = 6DCF7E5B206CB30B00A7EB68 /* SimpleNavigationCustomBar.m */; };
		6DCF7E69206CB30B00A7EB68 /* SimpleNavigationConst.m in Sources */ = {isa = PBXBuildFile; fileRef = 6DCF7E5F206CB30B00A7EB68 /* SimpleNavigationConst.m */; };
		6DCF7E6A206CB30B00A7EB68 /* UINavigationBar+SimpleNavigationBarPrivateProperty.m in Sources */ = {isa = PBXBuildFile; fileRef = 6DCF7E60206CB30B00A7EB68 /* UINavigationBar+SimpleNavigationBarPrivateProperty.m */; };
		6DCF7E6B206CB30B00A7EB68 /* SimpleNavgationBar.m in Sources */ = {isa = PBXBuildFile; fileRef = 6DCF7E61206CB30B00A7EB68 /* SimpleNavgationBar.m */; };
		6DCF7E6C206CB30B00A7EB68 /* UIColor+SimpleNavgationBar.m in Sources */ = {isa = PBXBuildFile; fileRef = 6DCF7E62206CB30B00A7EB68 /* UIColor+SimpleNavgationBar.m */; };
		6DCF7E6F206CB71500A7EB68 /* TYWeiBoUserProfileHeaderView.m in Sources */ = {isa = PBXBuildFile; fileRef = 6DCF7E6E206CB71500A7EB68 /* TYWeiBoUserProfileHeaderView.m */; };
		6DD4F1AE20280768007A20E5 /* UIPlaceHolderTextView.m in Sources */ = {isa = PBXBuildFile; fileRef = 6DD4F1AD20280768007A20E5 /* UIPlaceHolderTextView.m */; };
		6DDEB970201F276E00B0B023 /* MTDemo2ViewController.m in Sources */ = {isa = PBXBuildFile; fileRef = 6DDEB96F201F276E00B0B023 /* MTDemo2ViewController.m */; };
		6DDEB973201F554600B0B023 /* MTTitleView.m in Sources */ = {isa = PBXBuildFile; fileRef = 6DDEB972201F554600B0B023 /* MTTitleView.m */; };
		71719F9F1E33DC2100824A3D /* LaunchScreen.storyboard in Resources */ = {isa = PBXBuildFile; fileRef = 71719F9D1E33DC2100824A3D /* LaunchScreen.storyboard */; };
		71A33B832167DCDAE400ABAB /* Pods_TYPageViewController_Tests.framework in Frameworks */ = {isa = PBXBuildFile; fileRef = E42B75ACE268F5C57A9BD938 /* Pods_TYPageViewController_Tests.framework */; };
		7C2A1888A2FC7B51739D5C01 /* Pods_TYPageViewController_Example.framework in Frameworks */ = {isa = PBXBuildFile; fileRef = 36EDA4952805F30E0AD9C306 /* Pods_TYPageViewController_Example.framework */; };
		873B8AEB1B1F5CCA007FD442 /* Main.storyboard in Resources */ = {isa = PBXBuildFile; fileRef = 873B8AEA1B1F5CCA007FD442 /* Main.storyboard */; };
/* End PBXBuildFile section */

/* Begin PBXContainerItemProxy section */
		6003F5B3195388D20070C39A /* PBXContainerItemProxy */ = {
			isa = PBXContainerItemProxy;
			containerPortal = 6003F582195388D10070C39A /* Project object */;
			proxyType = 1;
			remoteGlobalIDString = 6003F589195388D20070C39A;
			remoteInfo = TYPageViewController;
		};
/* End PBXContainerItemProxy section */

/* Begin PBXFileReference section */
		282551B6AF48260E1FD78158 /* Pods-TYPageViewController_Tests.release.xcconfig */ = {isa = PBXFileReference; includeInIndex = 1; lastKnownFileType = text.xcconfig; name = "Pods-TYPageViewController_Tests.release.xcconfig"; path = "Pods/Target Support Files/Pods-TYPageViewController_Tests/Pods-TYPageViewController_Tests.release.xcconfig"; sourceTree = "<group>"; };
		36EDA4952805F30E0AD9C306 /* Pods_TYPageViewController_Example.framework */ = {isa = PBXFileReference; explicitFileType = wrapper.framework; includeInIndex = 0; path = Pods_TYPageViewController_Example.framework; sourceTree = BUILT_PRODUCTS_DIR; };
		3BE8357C66CBC0A3A768646D /* TYPageViewController.podspec */ = {isa = PBXFileReference; includeInIndex = 1; lastKnownFileType = text; name = TYPageViewController.podspec; path = ../TYPageViewController.podspec; sourceTree = "<group>"; };
		6003F58A195388D20070C39A /* TYPageViewController_Example.app */ = {isa = PBXFileReference; explicitFileType = wrapper.application; includeInIndex = 0; path = TYPageViewController_Example.app; sourceTree = BUILT_PRODUCTS_DIR; };
		6003F58D195388D20070C39A /* Foundation.framework */ = {isa = PBXFileReference; lastKnownFileType = wrapper.framework; name = Foundation.framework; path = System/Library/Frameworks/Foundation.framework; sourceTree = SDKROOT; };
		6003F58F195388D20070C39A /* CoreGraphics.framework */ = {isa = PBXFileReference; lastKnownFileType = wrapper.framework; name = CoreGraphics.framework; path = System/Library/Frameworks/CoreGraphics.framework; sourceTree = SDKROOT; };
		6003F591195388D20070C39A /* UIKit.framework */ = {isa = PBXFileReference; lastKnownFileType = wrapper.framework; name = UIKit.framework; path = System/Library/Frameworks/UIKit.framework; sourceTree = SDKROOT; };
		6003F595195388D20070C39A /* TYPageViewController-Info.plist */ = {isa = PBXFileReference; lastKnownFileType = text.plist.xml; path = "TYPageViewController-Info.plist"; sourceTree = "<group>"; };
		6003F597195388D20070C39A /* en */ = {isa = PBXFileReference; lastKnownFileType = text.plist.strings; name = en; path = en.lproj/InfoPlist.strings; sourceTree = "<group>"; };
		6003F599195388D20070C39A /* main.m */ = {isa = PBXFileReference; lastKnownFileType = sourcecode.c.objc; path = main.m; sourceTree = "<group>"; };
		6003F59B195388D20070C39A /* TYPageViewController-Prefix.pch */ = {isa = PBXFileReference; lastKnownFileType = sourcecode.c.h; path = "TYPageViewController-Prefix.pch"; sourceTree = "<group>"; };
		6003F59C195388D20070C39A /* TYAppDelegate.h */ = {isa = PBXFileReference; lastKnownFileType = sourcecode.c.h; path = TYAppDelegate.h; sourceTree = "<group>"; };
		6003F59D195388D20070C39A /* TYAppDelegate.m */ = {isa = PBXFileReference; lastKnownFileType = sourcecode.c.objc; path = TYAppDelegate.m; sourceTree = "<group>"; };
		6003F5A5195388D20070C39A /* TYViewController.h */ = {isa = PBXFileReference; lastKnownFileType = sourcecode.c.h; path = TYViewController.h; sourceTree = "<group>"; };
		6003F5A6195388D20070C39A /* TYViewController.m */ = {isa = PBXFileReference; lastKnownFileType = sourcecode.c.objc; path = TYViewController.m; sourceTree = "<group>"; };
		6003F5A8195388D20070C39A /* Images.xcassets */ = {isa = PBXFileReference; lastKnownFileType = folder.assetcatalog; path = Images.xcassets; sourceTree = "<group>"; };
		6003F5AE195388D20070C39A /* TYPageViewController_Tests.xctest */ = {isa = PBXFileReference; explicitFileType = wrapper.cfbundle; includeInIndex = 0; path = TYPageViewController_Tests.xctest; sourceTree = BUILT_PRODUCTS_DIR; };
		6003F5AF195388D20070C39A /* XCTest.framework */ = {isa = PBXFileReference; lastKnownFileType = wrapper.framework; name = XCTest.framework; path = Library/Frameworks/XCTest.framework; sourceTree = DEVELOPER_DIR; };
		6003F5B7195388D20070C39A /* Tests-Info.plist */ = {isa = PBXFileReference; lastKnownFileType = text.plist.xml; path = "Tests-Info.plist"; sourceTree = "<group>"; };
		6003F5B9195388D20070C39A /* en */ = {isa = PBXFileReference; lastKnownFileType = text.plist.strings; name = en; path = en.lproj/InfoPlist.strings; sourceTree = "<group>"; };
		6003F5BB195388D20070C39A /* Tests.m */ = {isa = PBXFileReference; lastKnownFileType = sourcecode.c.objc; path = Tests.m; sourceTree = "<group>"; };
		606FC2411953D9B200FFA9A0 /* Tests-Prefix.pch */ = {isa = PBXFileReference; lastKnownFileType = sourcecode.c.h; path = "Tests-Prefix.pch"; sourceTree = "<group>"; };
		6854B83B84580736A0F8ACBE /* LICENSE */ = {isa = PBXFileReference; includeInIndex = 1; lastKnownFileType = text; name = LICENSE; path = ../LICENSE; sourceTree = "<group>"; };
		6D0972B7202AF462006B0B20 /* TYTabBarController.h */ = {isa = PBXFileReference; fileEncoding = 4; lastKnownFileType = sourcecode.c.h; path = TYTabBarController.h; sourceTree = "<group>"; };
		6D0972B8202AF462006B0B20 /* TYTabBarController.m */ = {isa = PBXFileReference; fileEncoding = 4; lastKnownFileType = sourcecode.c.objc; path = TYTabBarController.m; sourceTree = "<group>"; };
		6D59A96F20711CAE00955DB1 /* LICENSE */ = {isa = PBXFileReference; fileEncoding = 4; lastKnownFileType = text; path = LICENSE; sourceTree = "<group>"; };
		6D59A97120711CAE00955DB1 /* UIScrollView+MJRefresh.m */ = {isa = PBXFileReference; fileEncoding = 4; lastKnownFileType = sourcecode.c.objc; path = "UIScrollView+MJRefresh.m"; sourceTree = "<group>"; };
		6D59A97220711CAE00955DB1 /* MJRefreshConst.m */ = {isa = PBXFileReference; fileEncoding = 4; lastKnownFileType = sourcecode.c.objc; path = MJRefreshConst.m; sourceTree = "<group>"; };
		6D59A97320711CAE00955DB1 /* UIScrollView+MJExtension.h */ = {isa = PBXFileReference; fileEncoding = 4; lastKnownFileType = sourcecode.c.h; path = "UIScrollView+MJExtension.h"; sourceTree = "<group>"; };
		6D59A97420711CAE00955DB1 /* MJRefresh.h */ = {isa = PBXFileReference; fileEncoding = 4; lastKnownFileType = sourcecode.c.h; path = MJRefresh.h; sourceTree = "<group>"; };
		6D59A97520711CAE00955DB1 /* NSBundle+MJRefresh.h */ = {isa = PBXFileReference; fileEncoding = 4; lastKnownFileType = sourcecode.c.h; path = "NSBundle+MJRefresh.h"; sourceTree = "<group>"; };
		6D59A97620711CAE00955DB1 /* MJRefresh.bundle */ = {isa = PBXFileReference; lastKnownFileType = "wrapper.plug-in"; path = MJRefresh.bundle; sourceTree = "<group>"; };
		6D59A97720711CAE00955DB1 /* UIView+MJExtension.h */ = {isa = PBXFileReference; fileEncoding = 4; lastKnownFileType = sourcecode.c.h; path = "UIView+MJExtension.h"; sourceTree = "<group>"; };
		6D59A97820711CAE00955DB1 /* UIScrollView+MJExtension.m */ = {isa = PBXFileReference; fileEncoding = 4; lastKnownFileType = sourcecode.c.objc; path = "UIScrollView+MJExtension.m"; sourceTree = "<group>"; };
		6D59A97920711CAE00955DB1 /* MJRefreshConst.h */ = {isa = PBXFileReference; fileEncoding = 4; lastKnownFileType = sourcecode.c.h; path = MJRefreshConst.h; sourceTree = "<group>"; };
		6D59A97A20711CAE00955DB1 /* UIScrollView+MJRefresh.h */ = {isa = PBXFileReference; fileEncoding = 4; lastKnownFileType = sourcecode.c.h; path = "UIScrollView+MJRefresh.h"; sourceTree = "<group>"; };
		6D59A97B20711CAE00955DB1 /* NSBundle+MJRefresh.m */ = {isa = PBXFileReference; fileEncoding = 4; lastKnownFileType = sourcecode.c.objc; path = "NSBundle+MJRefresh.m"; sourceTree = "<group>"; };
		6D59A97C20711CAE00955DB1 /* UIView+MJExtension.m */ = {isa = PBXFileReference; fileEncoding = 4; lastKnownFileType = sourcecode.c.objc; path = "UIView+MJExtension.m"; sourceTree = "<group>"; };
		6D59A98020711CAE00955DB1 /* MJRefreshBackGifFooter.h */ = {isa = PBXFileReference; fileEncoding = 4; lastKnownFileType = sourcecode.c.h; path = MJRefreshBackGifFooter.h; sourceTree = "<group>"; };
		6D59A98120711CAE00955DB1 /* MJRefreshBackStateFooter.h */ = {isa = PBXFileReference; fileEncoding = 4; lastKnownFileType = sourcecode.c.h; path = MJRefreshBackStateFooter.h; sourceTree = "<group>"; };
		6D59A98220711CAE00955DB1 /* MJRefreshBackNormalFooter.h */ = {isa = PBXFileReference; fileEncoding = 4; lastKnownFileType = sourcecode.c.h; path = MJRefreshBackNormalFooter.h; sourceTree = "<group>"; };
		6D59A98320711CAE00955DB1 /* MJRefreshBackGifFooter.m */ = {isa = PBXFileReference; fileEncoding = 4; lastKnownFileType = sourcecode.c.objc; path = MJRefreshBackGifFooter.m; sourceTree = "<group>"; };
		6D59A98420711CAE00955DB1 /* MJRefreshBackStateFooter.m */ = {isa = PBXFileReference; fileEncoding = 4; lastKnownFileType = sourcecode.c.objc; path = MJRefreshBackStateFooter.m; sourceTree = "<group>"; };
		6D59A98520711CAE00955DB1 /* MJRefreshBackNormalFooter.m */ = {isa = PBXFileReference; fileEncoding = 4; lastKnownFileType = sourcecode.c.objc; path = MJRefreshBackNormalFooter.m; sourceTree = "<group>"; };
		6D59A98720711CAE00955DB1 /* MJRefreshAutoStateFooter.h */ = {isa = PBXFileReference; fileEncoding = 4; lastKnownFileType = sourcecode.c.h; path = MJRefreshAutoStateFooter.h; sourceTree = "<group>"; };
		6D59A98820711CAE00955DB1 /* MJRefreshAutoNormalFooter.h */ = {isa = PBXFileReference; fileEncoding = 4; lastKnownFileType = sourcecode.c.h; path = MJRefreshAutoNormalFooter.h; sourceTree = "<group>"; };
		6D59A98920711CAE00955DB1 /* MJRefreshAutoGifFooter.h */ = {isa = PBXFileReference; fileEncoding = 4; lastKnownFileType = sourcecode.c.h; path = MJRefreshAutoGifFooter.h; sourceTree = "<group>"; };
		6D59A98A20711CAE00955DB1 /* MJRefreshAutoStateFooter.m */ = {isa = PBXFileReference; fileEncoding = 4; lastKnownFileType = sourcecode.c.objc; path = MJRefreshAutoStateFooter.m; sourceTree = "<group>"; };
		6D59A98B20711CAE00955DB1 /* MJRefreshAutoGifFooter.m */ = {isa = PBXFileReference; fileEncoding = 4; lastKnownFileType = sourcecode.c.objc; path = MJRefreshAutoGifFooter.m; sourceTree = "<group>"; };
		6D59A98C20711CAE00955DB1 /* MJRefreshAutoNormalFooter.m */ = {isa = PBXFileReference; fileEncoding = 4; lastKnownFileType = sourcecode.c.objc; path = MJRefreshAutoNormalFooter.m; sourceTree = "<group>"; };
		6D59A98E20711CAE00955DB1 /* MJRefreshNormalHeader.m */ = {isa = PBXFileReference; fileEncoding = 4; lastKnownFileType = sourcecode.c.objc; path = MJRefreshNormalHeader.m; sourceTree = "<group>"; };
		6D59A98F20711CAE00955DB1 /* MJRefreshStateHeader.h */ = {isa = PBXFileReference; fileEncoding = 4; lastKnownFileType = sourcecode.c.h; path = MJRefreshStateHeader.h; sourceTree = "<group>"; };
		6D59A99020711CAE00955DB1 /* MJRefreshGifHeader.h */ = {isa = PBXFileReference; fileEncoding = 4; lastKnownFileType = sourcecode.c.h; path = MJRefreshGifHeader.h; sourceTree = "<group>"; };
		6D59A99120711CAE00955DB1 /* MJRefreshNormalHeader.h */ = {isa = PBXFileReference; fileEncoding = 4; lastKnownFileType = sourcecode.c.h; path = MJRefreshNormalHeader.h; sourceTree = "<group>"; };
		6D59A99220711CAE00955DB1 /* MJRefreshStateHeader.m */ = {isa = PBXFileReference; fileEncoding = 4; lastKnownFileType = sourcecode.c.objc; path = MJRefreshStateHeader.m; sourceTree = "<group>"; };
		6D59A99320711CAE00955DB1 /* MJRefreshGifHeader.m */ = {isa = PBXFileReference; fileEncoding = 4; lastKnownFileType = sourcecode.c.objc; path = MJRefreshGifHeader.m; sourceTree = "<group>"; };
		6D59A99520711CAE00955DB1 /* MJRefreshFooter.m */ = {isa = PBXFileReference; fileEncoding = 4; lastKnownFileType = sourcecode.c.objc; path = MJRefreshFooter.m; sourceTree = "<group>"; };
		6D59A99620711CAE00955DB1 /* MJRefreshComponent.h */ = {isa = PBXFileReference; fileEncoding = 4; lastKnownFileType = sourcecode.c.h; path = MJRefreshComponent.h; sourceTree = "<group>"; };
		6D59A99720711CAE00955DB1 /* MJRefreshHeader.m */ = {isa = PBXFileReference; fileEncoding = 4; lastKnownFileType = sourcecode.c.objc; path = MJRefreshHeader.m; sourceTree = "<group>"; };
		6D59A99820711CAE00955DB1 /* MJRefreshAutoFooter.h */ = {isa = PBXFileReference; fileEncoding = 4; lastKnownFileType = sourcecode.c.h; path = MJRefreshAutoFooter.h; sourceTree = "<group>"; };
		6D59A99920711CAE00955DB1 /* MJRefreshBackFooter.m */ = {isa = PBXFileReference; fileEncoding = 4; lastKnownFileType = sourcecode.c.objc; path = MJRefreshBackFooter.m; sourceTree = "<group>"; };
		6D59A99A20711CAE00955DB1 /* MJRefreshAutoFooter.m */ = {isa = PBXFileReference; fileEncoding = 4; lastKnownFileType = sourcecode.c.objc; path = MJRefreshAutoFooter.m; sourceTree = "<group>"; };
		6D59A99B20711CAE00955DB1 /* MJRefreshHeader.h */ = {isa = PBXFileReference; fileEncoding = 4; lastKnownFileType = sourcecode.c.h; path = MJRefreshHeader.h; sourceTree = "<group>"; };
		6D59A99C20711CAE00955DB1 /* MJRefreshComponent.m */ = {isa = PBXFileReference; fileEncoding = 4; lastKnownFileType = sourcecode.c.objc; path = MJRefreshComponent.m; sourceTree = "<group>"; };
		6D59A99D20711CAE00955DB1 /* MJRefreshFooter.h */ = {isa = PBXFileReference; fileEncoding = 4; lastKnownFileType = sourcecode.c.h; path = MJRefreshFooter.h; sourceTree = "<group>"; };
		6D59A99E20711CAE00955DB1 /* MJRefreshBackFooter.h */ = {isa = PBXFileReference; fileEncoding = 4; lastKnownFileType = sourcecode.c.h; path = MJRefreshBackFooter.h; sourceTree = "<group>"; };
		6D59A99F20711CAE00955DB1 /* README.md */ = {isa = PBXFileReference; fileEncoding = 4; lastKnownFileType = net.daringfireball.markdown; path = README.md; sourceTree = "<group>"; };
		6D59A9B7207120B000955DB1 /* Demo.gif */ = {isa = PBXFileReference; lastKnownFileType = image.gif; path = Demo.gif; sourceTree = "<group>"; };
		6D6143E9203FF3A700690FCD /* TYTestOneViewController.h */ = {isa = PBXFileReference; lastKnownFileType = sourcecode.c.h; path = TYTestOneViewController.h; sourceTree = "<group>"; };
		6D6143EA203FF3A700690FCD /* TYTestOneViewController.m */ = {isa = PBXFileReference; lastKnownFileType = sourcecode.c.objc; path = TYTestOneViewController.m; sourceTree = "<group>"; };
		6D6143EC203FF3B800690FCD /* TYTestTwoViewController.h */ = {isa = PBXFileReference; lastKnownFileType = sourcecode.c.h; path = TYTestTwoViewController.h; sourceTree = "<group>"; };
		6D6143ED203FF3B800690FCD /* TYTestTwoViewController.m */ = {isa = PBXFileReference; lastKnownFileType = sourcecode.c.objc; path = TYTestTwoViewController.m; sourceTree = "<group>"; };
		6D6143EF203FF3D300690FCD /* TYThreeViewController.h */ = {isa = PBXFileReference; lastKnownFileType = sourcecode.c.h; path = TYThreeViewController.h; sourceTree = "<group>"; };
		6D6143F0203FF3D300690FCD /* TYThreeViewController.m */ = {isa = PBXFileReference; lastKnownFileType = sourcecode.c.objc; path = TYThreeViewController.m; sourceTree = "<group>"; };
		6D6143F2203FF4C600690FCD /* TYTabBar.h */ = {isa = PBXFileReference; fileEncoding = 4; lastKnownFileType = sourcecode.c.h; path = TYTabBar.h; sourceTree = "<group>"; };
		6D6143F3203FF4C700690FCD /* TYTabBar.m */ = {isa = PBXFileReference; fileEncoding = 4; lastKnownFileType = sourcecode.c.objc; path = TYTabBar.m; sourceTree = "<group>"; };
		6D6143F5203FFC9D00690FCD /* TYPublishedViewController.h */ = {isa = PBXFileReference; lastKnownFileType = sourcecode.c.h; path = TYPublishedViewController.h; sourceTree = "<group>"; };
		6D6143F6203FFC9D00690FCD /* TYPublishedViewController.m */ = {isa = PBXFileReference; lastKnownFileType = sourcecode.c.objc; path = TYPublishedViewController.m; sourceTree = "<group>"; };
		6D6143F8203FFDF600690FCD /* TYPublishProgressProtocol.h */ = {isa = PBXFileReference; fileEncoding = 4; lastKnownFileType = sourcecode.c.h; path = TYPublishProgressProtocol.h; sourceTree = "<group>"; };
		6D6143F9203FFDF600690FCD /* TYPublishTransitionDelegate.m */ = {isa = PBXFileReference; fileEncoding = 4; lastKnownFileType = sourcecode.c.objc; path = TYPublishTransitionDelegate.m; sourceTree = "<group>"; };
		6D6143FA203FFDF600690FCD /* TYPublishTransitionAnimator.h */ = {isa = PBXFileReference; fileEncoding = 4; lastKnownFileType = sourcecode.c.h; path = TYPublishTransitionAnimator.h; sourceTree = "<group>"; };
		6D6143FB203FFDF600690FCD /* TYPublishTransitionAnimator.m */ = {isa = PBXFileReference; fileEncoding = 4; lastKnownFileType = sourcecode.c.objc; path = TYPublishTransitionAnimator.m; sourceTree = "<group>"; };
		6D6143FC203FFDF600690FCD /* TYPublishTransitionDelegate.h */ = {isa = PBXFileReference; fileEncoding = 4; lastKnownFileType = sourcecode.c.h; path = TYPublishTransitionDelegate.h; sourceTree = "<group>"; };
		6D61440F2040581600690FCD /* TYCircleProgressView.h */ = {isa = PBXFileReference; lastKnownFileType = sourcecode.c.h; path = TYCircleProgressView.h; sourceTree = "<group>"; };
		6D6144102040581600690FCD /* TYCircleProgressView.m */ = {isa = PBXFileReference; lastKnownFileType = sourcecode.c.objc; path = TYCircleProgressView.m; sourceTree = "<group>"; };
		6D6921E72021959B00201D06 /* TYCreateionRootViewController.h */ = {isa = PBXFileReference; lastKnownFileType = sourcecode.c.h; path = TYCreateionRootViewController.h; sourceTree = "<group>"; };
		6D6921E82021959B00201D06 /* TYCreateionRootViewController.m */ = {isa = PBXFileReference; lastKnownFileType = sourcecode.c.objc; path = TYCreateionRootViewController.m; sourceTree = "<group>"; };
		6D6921EB202195D600201D06 /* TYDemo1ViewController.h */ = {isa = PBXFileReference; lastKnownFileType = sourcecode.c.h; path = TYDemo1ViewController.h; sourceTree = "<group>"; };
		6D6921EC202195D600201D06 /* TYDemo1ViewController.m */ = {isa = PBXFileReference; lastKnownFileType = sourcecode.c.objc; path = TYDemo1ViewController.m; sourceTree = "<group>"; };
		6DB6CDD4205A5525000CAEF6 /* TestView.xib */ = {isa = PBXFileReference; lastKnownFileType = file.xib; path = TestView.xib; sourceTree = "<group>"; };
		6DB6CDD6205A553A000CAEF6 /* TestView.h */ = {isa = PBXFileReference; lastKnownFileType = sourcecode.c.h; path = TestView.h; sourceTree = "<group>"; };
		6DB6CDD7205A553A000CAEF6 /* TestView.m */ = {isa = PBXFileReference; lastKnownFileType = sourcecode.c.objc; path = TestView.m; sourceTree = "<group>"; };
		6DC380C9201A1F290063B3D7 /* MTHomeRootViewController.h */ = {isa = PBXFileReference; lastKnownFileType = sourcecode.c.h; path = MTHomeRootViewController.h; sourceTree = "<group>"; };
		6DC380CA201A1F290063B3D7 /* MTHomeRootViewController.m */ = {isa = PBXFileReference; lastKnownFileType = sourcecode.c.objc; path = MTHomeRootViewController.m; sourceTree = "<group>"; };
		6DC380CC201A25030063B3D7 /* TYRecommetViewController.h */ = {isa = PBXFileReference; lastKnownFileType = sourcecode.c.h; path = TYRecommetViewController.h; sourceTree = "<group>"; };
		6DC380CD201A25030063B3D7 /* TYRecommetViewController.m */ = {isa = PBXFileReference; lastKnownFileType = sourcecode.c.objc; path = TYRecommetViewController.m; sourceTree = "<group>"; };
		6DCF7E3C206C652700A7EB68 /* TYMainModuleViewController.h */ = {isa = PBXFileReference; lastKnownFileType = sourcecode.c.h; path = TYMainModuleViewController.h; sourceTree = "<group>"; };
		6DCF7E3D206C652700A7EB68 /* TYMainModuleViewController.m */ = {isa = PBXFileReference; lastKnownFileType = sourcecode.c.objc; path = TYMainModuleViewController.m; sourceTree = "<group>"; };
		6DCF7E3F206C654300A7EB68 /* TYWeiBoDemoViewController.h */ = {isa = PBXFileReference; lastKnownFileType = sourcecode.c.h; path = TYWeiBoDemoViewController.h; sourceTree = "<group>"; };
		6DCF7E40206C654300A7EB68 /* TYWeiBoDemoViewController.m */ = {isa = PBXFileReference; lastKnownFileType = sourcecode.c.objc; path = TYWeiBoDemoViewController.m; sourceTree = "<group>"; };
		6DCF7E42206CA31B00A7EB68 /* TYWeiBoHomeViewController.h */ = {isa = PBXFileReference; lastKnownFileType = sourcecode.c.h; path = TYWeiBoHomeViewController.h; sourceTree = "<group>"; };
		6DCF7E43206CA31B00A7EB68 /* TYWeiBoHomeViewController.m */ = {isa = PBXFileReference; lastKnownFileType = sourcecode.c.objc; path = TYWeiBoHomeViewController.m; sourceTree = "<group>"; };
		6DCF7E45206CA32700A7EB68 /* TYWeiBoViewController.h */ = {isa = PBXFileReference; lastKnownFileType = sourcecode.c.h; path = TYWeiBoViewController.h; sourceTree = "<group>"; };
		6DCF7E46206CA32700A7EB68 /* TYWeiBoViewController.m */ = {isa = PBXFileReference; lastKnownFileType = sourcecode.c.objc; path = TYWeiBoViewController.m; sourceTree = "<group>"; };
		6DCF7E48206CA33600A7EB68 /* TYWeiBoVideoViewController.h */ = {isa = PBXFileReference; lastKnownFileType = sourcecode.c.h; path = TYWeiBoVideoViewController.h; sourceTree = "<group>"; };
		6DCF7E49206CA33600A7EB68 /* TYWeiBoVideoViewController.m */ = {isa = PBXFileReference; lastKnownFileType = sourcecode.c.objc; path = TYWeiBoVideoViewController.m; sourceTree = "<group>"; };
		6DCF7E4B206CA34400A7EB68 /* TYWeiBoPhotoViewController.h */ = {isa = PBXFileReference; lastKnownFileType = sourcecode.c.h; path = TYWeiBoPhotoViewController.h; sourceTree = "<group>"; };
		6DCF7E4C206CA34400A7EB68 /* TYWeiBoPhotoViewController.m */ = {isa = PBXFileReference; lastKnownFileType = sourcecode.c.objc; path = TYWeiBoPhotoViewController.m; sourceTree = "<group>"; };
		6DCF7E52206CB30B00A7EB68 /* SimpleNavigationCustomBar.h */ = {isa = PBXFileReference; fileEncoding = 4; lastKnownFileType = sourcecode.c.h; path = SimpleNavigationCustomBar.h; sourceTree = "<group>"; };
		6DCF7E53206CB30B00A7EB68 /* SimpleNavigationConst.h */ = {isa = PBXFileReference; fileEncoding = 4; lastKnownFileType = sourcecode.c.h; path = SimpleNavigationConst.h; sourceTree = "<group>"; };
		6DCF7E54206CB30B00A7EB68 /* UINavigationController+SimpleNavigationBar.m */ = {isa = PBXFileReference; fileEncoding = 4; lastKnownFileType = sourcecode.c.objc; path = "UINavigationController+SimpleNavigationBar.m"; sourceTree = "<group>"; };
		6DCF7E55206CB30B00A7EB68 /* UINavigationBar+SimpleNavigationBar.m */ = {isa = PBXFileReference; fileEncoding = 4; lastKnownFileType = sourcecode.c.objc; path = "UINavigationBar+SimpleNavigationBar.m"; sourceTree = "<group>"; };
		6DCF7E56206CB30B00A7EB68 /* NSObject+SimpleNavigationBar.m */ = {isa = PBXFileReference; fileEncoding = 4; lastKnownFileType = sourcecode.c.objc; path = "NSObject+SimpleNavigationBar.m"; sourceTree = "<group>"; };
		6DCF7E57206CB30B00A7EB68 /* UINavigationBar+SimpleNavigationBarPrivateProperty.h */ = {isa = PBXFileReference; fileEncoding = 4; lastKnownFileType = sourcecode.c.h; path = "UINavigationBar+SimpleNavigationBarPrivateProperty.h"; sourceTree = "<group>"; };
		6DCF7E58206CB30B00A7EB68 /* UIViewController+SimpleNavigationBar.m */ = {isa = PBXFileReference; fileEncoding = 4; lastKnownFileType = sourcecode.c.objc; path = "UIViewController+SimpleNavigationBar.m"; sourceTree = "<group>"; };
		6DCF7E59206CB30B00A7EB68 /* UIColor+SimpleNavgationBar.h */ = {isa = PBXFileReference; fileEncoding = 4; lastKnownFileType = sourcecode.c.h; path = "UIColor+SimpleNavgationBar.h"; sourceTree = "<group>"; };
		6DCF7E5A206CB30B00A7EB68 /* SimpleNavgationBar.h */ = {isa = PBXFileReference; fileEncoding = 4; lastKnownFileType = sourcecode.c.h; path = SimpleNavgationBar.h; sourceTree = "<group>"; };
		6DCF7E5B206CB30B00A7EB68 /* SimpleNavigationCustomBar.m */ = {isa = PBXFileReference; fileEncoding = 4; lastKnownFileType = sourcecode.c.objc; path = SimpleNavigationCustomBar.m; sourceTree = "<group>"; };
		6DCF7E5C206CB30B00A7EB68 /* NSObject+SimpleNavigationBar.h */ = {isa = PBXFileReference; fileEncoding = 4; lastKnownFileType = sourcecode.c.h; path = "NSObject+SimpleNavigationBar.h"; sourceTree = "<group>"; };
		6DCF7E5D206CB30B00A7EB68 /* UINavigationBar+SimpleNavigationBar.h */ = {isa = PBXFileReference; fileEncoding = 4; lastKnownFileType = sourcecode.c.h; path = "UINavigationBar+SimpleNavigationBar.h"; sourceTree = "<group>"; };
		6DCF7E5E206CB30B00A7EB68 /* UINavigationController+SimpleNavigationBar.h */ = {isa = PBXFileReference; fileEncoding = 4; lastKnownFileType = sourcecode.c.h; path = "UINavigationController+SimpleNavigationBar.h"; sourceTree = "<group>"; };
		6DCF7E5F206CB30B00A7EB68 /* SimpleNavigationConst.m */ = {isa = PBXFileReference; fileEncoding = 4; lastKnownFileType = sourcecode.c.objc; path = SimpleNavigationConst.m; sourceTree = "<group>"; };
		6DCF7E60206CB30B00A7EB68 /* UINavigationBar+SimpleNavigationBarPrivateProperty.m */ = {isa = PBXFileReference; fileEncoding = 4; lastKnownFileType = sourcecode.c.objc; path = "UINavigationBar+SimpleNavigationBarPrivateProperty.m"; sourceTree = "<group>"; };
		6DCF7E61206CB30B00A7EB68 /* SimpleNavgationBar.m */ = {isa = PBXFileReference; fileEncoding = 4; lastKnownFileType = sourcecode.c.objc; path = SimpleNavgationBar.m; sourceTree = "<group>"; };
		6DCF7E62206CB30B00A7EB68 /* UIColor+SimpleNavgationBar.m */ = {isa = PBXFileReference; fileEncoding = 4; lastKnownFileType = sourcecode.c.objc; path = "UIColor+SimpleNavgationBar.m"; sourceTree = "<group>"; };
		6DCF7E63206CB30B00A7EB68 /* UIViewController+SimpleNavigationBar.h */ = {isa = PBXFileReference; fileEncoding = 4; lastKnownFileType = sourcecode.c.h; path = "UIViewController+SimpleNavigationBar.h"; sourceTree = "<group>"; };
		6DCF7E6D206CB71500A7EB68 /* TYWeiBoUserProfileHeaderView.h */ = {isa = PBXFileReference; lastKnownFileType = sourcecode.c.h; path = TYWeiBoUserProfileHeaderView.h; sourceTree = "<group>"; };
		6DCF7E6E206CB71500A7EB68 /* TYWeiBoUserProfileHeaderView.m */ = {isa = PBXFileReference; lastKnownFileType = sourcecode.c.objc; path = TYWeiBoUserProfileHeaderView.m; sourceTree = "<group>"; };
		6DD4F1AC20280768007A20E5 /* UIPlaceHolderTextView.h */ = {isa = PBXFileReference; fileEncoding = 4; lastKnownFileType = sourcecode.c.h; path = UIPlaceHolderTextView.h; sourceTree = "<group>"; };
		6DD4F1AD20280768007A20E5 /* UIPlaceHolderTextView.m */ = {isa = PBXFileReference; fileEncoding = 4; lastKnownFileType = sourcecode.c.objc; path = UIPlaceHolderTextView.m; sourceTree = "<group>"; };
		6DDEB96E201F276E00B0B023 /* MTDemo2ViewController.h */ = {isa = PBXFileReference; lastKnownFileType = sourcecode.c.h; path = MTDemo2ViewController.h; sourceTree = "<group>"; };
		6DDEB96F201F276E00B0B023 /* MTDemo2ViewController.m */ = {isa = PBXFileReference; lastKnownFileType = sourcecode.c.objc; path = MTDemo2ViewController.m; sourceTree = "<group>"; };
		6DDEB971201F554600B0B023 /* MTTitleView.h */ = {isa = PBXFileReference; lastKnownFileType = sourcecode.c.h; path = MTTitleView.h; sourceTree = "<group>"; };
		6DDEB972201F554600B0B023 /* MTTitleView.m */ = {isa = PBXFileReference; lastKnownFileType = sourcecode.c.objc; path = MTTitleView.m; sourceTree = "<group>"; };
		71719F9E1E33DC2100824A3D /* Base */ = {isa = PBXFileReference; lastKnownFileType = file.storyboard; name = Base; path = Base.lproj/LaunchScreen.storyboard; sourceTree = "<group>"; };
		7A8061EB354E772F81A13AB7 /* Pods-TYPageViewController_Example.release.xcconfig */ = {isa = PBXFileReference; includeInIndex = 1; lastKnownFileType = text.xcconfig; name = "Pods-TYPageViewController_Example.release.xcconfig"; path = "Pods/Target Support Files/Pods-TYPageViewController_Example/Pods-TYPageViewController_Example.release.xcconfig"; sourceTree = "<group>"; };
		873B8AEA1B1F5CCA007FD442 /* Main.storyboard */ = {isa = PBXFileReference; fileEncoding = 4; lastKnownFileType = file.storyboard; name = Main.storyboard; path = Base.lproj/Main.storyboard; sourceTree = "<group>"; };
		9BDC1A3B47CC555AD01804F4 /* Pods-TYPageViewController_Example.debug.xcconfig */ = {isa = PBXFileReference; includeInIndex = 1; lastKnownFileType = text.xcconfig; name = "Pods-TYPageViewController_Example.debug.xcconfig"; path = "Pods/Target Support Files/Pods-TYPageViewController_Example/Pods-TYPageViewController_Example.debug.xcconfig"; sourceTree = "<group>"; };
		DFF1E8D31D9BB2345C499F95 /* README.md */ = {isa = PBXFileReference; includeInIndex = 1; lastKnownFileType = net.daringfireball.markdown; name = README.md; path = ../README.md; sourceTree = "<group>"; };
		E42B75ACE268F5C57A9BD938 /* Pods_TYPageViewController_Tests.framework */ = {isa = PBXFileReference; explicitFileType = wrapper.framework; includeInIndex = 0; path = Pods_TYPageViewController_Tests.framework; sourceTree = BUILT_PRODUCTS_DIR; };
		F241E1530C55FCC3541D5547 /* Pods-TYPageViewController_Tests.debug.xcconfig */ = {isa = PBXFileReference; includeInIndex = 1; lastKnownFileType = text.xcconfig; name = "Pods-TYPageViewController_Tests.debug.xcconfig"; path = "Pods/Target Support Files/Pods-TYPageViewController_Tests/Pods-TYPageViewController_Tests.debug.xcconfig"; sourceTree = "<group>"; };
/* End PBXFileReference section */

/* Begin PBXFrameworksBuildPhase section */
		6003F587195388D20070C39A /* Frameworks */ = {
			isa = PBXFrameworksBuildPhase;
			buildActionMask = 2147483647;
			files = (
				6003F590195388D20070C39A /* CoreGraphics.framework in Frameworks */,
				6003F592195388D20070C39A /* UIKit.framework in Frameworks */,
				6003F58E195388D20070C39A /* Foundation.framework in Frameworks */,
				7C2A1888A2FC7B51739D5C01 /* Pods_TYPageViewController_Example.framework in Frameworks */,
			);
			runOnlyForDeploymentPostprocessing = 0;
		};
		6003F5AB195388D20070C39A /* Frameworks */ = {
			isa = PBXFrameworksBuildPhase;
			buildActionMask = 2147483647;
			files = (
				6003F5B0195388D20070C39A /* XCTest.framework in Frameworks */,
				6003F5B2195388D20070C39A /* UIKit.framework in Frameworks */,
				6003F5B1195388D20070C39A /* Foundation.framework in Frameworks */,
				71A33B832167DCDAE400ABAB /* Pods_TYPageViewController_Tests.framework in Frameworks */,
			);
			runOnlyForDeploymentPostprocessing = 0;
		};
/* End PBXFrameworksBuildPhase section */

/* Begin PBXGroup section */
		6003F581195388D10070C39A = {
			isa = PBXGroup;
			children = (
				60FF7A9C1954A5C5007DD14C /* Podspec Metadata */,
				6003F593195388D20070C39A /* Example for TYPageViewController */,
				6003F5B5195388D20070C39A /* Tests */,
				6003F58C195388D20070C39A /* Frameworks */,
				6003F58B195388D20070C39A /* Products */,
				9476EABF6AB8B7A373D84C0F /* Pods */,
			);
			sourceTree = "<group>";
		};
		6003F58B195388D20070C39A /* Products */ = {
			isa = PBXGroup;
			children = (
				6003F58A195388D20070C39A /* TYPageViewController_Example.app */,
				6003F5AE195388D20070C39A /* TYPageViewController_Tests.xctest */,
			);
			name = Products;
			sourceTree = "<group>";
		};
		6003F58C195388D20070C39A /* Frameworks */ = {
			isa = PBXGroup;
			children = (
				6003F58D195388D20070C39A /* Foundation.framework */,
				6003F58F195388D20070C39A /* CoreGraphics.framework */,
				6003F591195388D20070C39A /* UIKit.framework */,
				6003F5AF195388D20070C39A /* XCTest.framework */,
				36EDA4952805F30E0AD9C306 /* Pods_TYPageViewController_Example.framework */,
				E42B75ACE268F5C57A9BD938 /* Pods_TYPageViewController_Tests.framework */,
			);
			name = Frameworks;
			sourceTree = "<group>";
		};
		6003F593195388D20070C39A /* Example for TYPageViewController */ = {
			isa = PBXGroup;
			children = (
				6DDEB969201F268E00B0B023 /* Classess */,
				6003F59C195388D20070C39A /* TYAppDelegate.h */,
				6003F59D195388D20070C39A /* TYAppDelegate.m */,
				873B8AEA1B1F5CCA007FD442 /* Main.storyboard */,
				71719F9D1E33DC2100824A3D /* LaunchScreen.storyboard */,
				6003F5A8195388D20070C39A /* Images.xcassets */,
				6003F594195388D20070C39A /* Supporting Files */,
			);
			name = "Example for TYPageViewController";
			path = TYPageViewController;
			sourceTree = "<group>";
		};
		6003F594195388D20070C39A /* Supporting Files */ = {
			isa = PBXGroup;
			children = (
				6003F595195388D20070C39A /* TYPageViewController-Info.plist */,
				6003F596195388D20070C39A /* InfoPlist.strings */,
				6003F599195388D20070C39A /* main.m */,
				6003F59B195388D20070C39A /* TYPageViewController-Prefix.pch */,
			);
			name = "Supporting Files";
			sourceTree = "<group>";
		};
		6003F5B5195388D20070C39A /* Tests */ = {
			isa = PBXGroup;
			children = (
				6003F5BB195388D20070C39A /* Tests.m */,
				6003F5B6195388D20070C39A /* Supporting Files */,
			);
			path = Tests;
			sourceTree = "<group>";
		};
		6003F5B6195388D20070C39A /* Supporting Files */ = {
			isa = PBXGroup;
			children = (
				6003F5B7195388D20070C39A /* Tests-Info.plist */,
				6003F5B8195388D20070C39A /* InfoPlist.strings */,
				606FC2411953D9B200FFA9A0 /* Tests-Prefix.pch */,
			);
			name = "Supporting Files";
			sourceTree = "<group>";
		};
		60FF7A9C1954A5C5007DD14C /* Podspec Metadata */ = {
			isa = PBXGroup;
			children = (
				3BE8357C66CBC0A3A768646D /* TYPageViewController.podspec */,
				DFF1E8D31D9BB2345C499F95 /* README.md */,
				6854B83B84580736A0F8ACBE /* LICENSE */,
			);
			name = "Podspec Metadata";
			sourceTree = "<group>";
		};
		6D59A96E20711CAE00955DB1 /* MJRefresh */ = {
			isa = PBXGroup;
			children = (
				6D59A96F20711CAE00955DB1 /* LICENSE */,
				6D59A97020711CAE00955DB1 /* MJRefresh */,
				6D59A99F20711CAE00955DB1 /* README.md */,
			);
			path = MJRefresh;
			sourceTree = "<group>";
		};
		6D59A97020711CAE00955DB1 /* MJRefresh */ = {
			isa = PBXGroup;
			children = (
				6D59A97120711CAE00955DB1 /* UIScrollView+MJRefresh.m */,
				6D59A97220711CAE00955DB1 /* MJRefreshConst.m */,
				6D59A97320711CAE00955DB1 /* UIScrollView+MJExtension.h */,
				6D59A97420711CAE00955DB1 /* MJRefresh.h */,
				6D59A97520711CAE00955DB1 /* NSBundle+MJRefresh.h */,
				6D59A97620711CAE00955DB1 /* MJRefresh.bundle */,
				6D59A97720711CAE00955DB1 /* UIView+MJExtension.h */,
				6D59A97820711CAE00955DB1 /* UIScrollView+MJExtension.m */,
				6D59A97920711CAE00955DB1 /* MJRefreshConst.h */,
				6D59A97A20711CAE00955DB1 /* UIScrollView+MJRefresh.h */,
				6D59A97B20711CAE00955DB1 /* NSBundle+MJRefresh.m */,
				6D59A97C20711CAE00955DB1 /* UIView+MJExtension.m */,
				6D59A97D20711CAE00955DB1 /* Custom */,
				6D59A99420711CAE00955DB1 /* Base */,
			);
			path = MJRefresh;
			sourceTree = "<group>";
		};
		6D59A97D20711CAE00955DB1 /* Custom */ = {
			isa = PBXGroup;
			children = (
				6D59A97E20711CAE00955DB1 /* Footer */,
				6D59A98D20711CAE00955DB1 /* Header */,
			);
			path = Custom;
			sourceTree = "<group>";
		};
		6D59A97E20711CAE00955DB1 /* Footer */ = {
			isa = PBXGroup;
			children = (
				6D59A97F20711CAE00955DB1 /* Back */,
				6D59A98620711CAE00955DB1 /* Auto */,
			);
			path = Footer;
			sourceTree = "<group>";
		};
		6D59A97F20711CAE00955DB1 /* Back */ = {
			isa = PBXGroup;
			children = (
				6D59A98020711CAE00955DB1 /* MJRefreshBackGifFooter.h */,
				6D59A98120711CAE00955DB1 /* MJRefreshBackStateFooter.h */,
				6D59A98220711CAE00955DB1 /* MJRefreshBackNormalFooter.h */,
				6D59A98320711CAE00955DB1 /* MJRefreshBackGifFooter.m */,
				6D59A98420711CAE00955DB1 /* MJRefreshBackStateFooter.m */,
				6D59A98520711CAE00955DB1 /* MJRefreshBackNormalFooter.m */,
			);
			path = Back;
			sourceTree = "<group>";
		};
		6D59A98620711CAE00955DB1 /* Auto */ = {
			isa = PBXGroup;
			children = (
				6D59A98720711CAE00955DB1 /* MJRefreshAutoStateFooter.h */,
				6D59A98820711CAE00955DB1 /* MJRefreshAutoNormalFooter.h */,
				6D59A98920711CAE00955DB1 /* MJRefreshAutoGifFooter.h */,
				6D59A98A20711CAE00955DB1 /* MJRefreshAutoStateFooter.m */,
				6D59A98B20711CAE00955DB1 /* MJRefreshAutoGifFooter.m */,
				6D59A98C20711CAE00955DB1 /* MJRefreshAutoNormalFooter.m */,
			);
			path = Auto;
			sourceTree = "<group>";
		};
		6D59A98D20711CAE00955DB1 /* Header */ = {
			isa = PBXGroup;
			children = (
				6D59A98E20711CAE00955DB1 /* MJRefreshNormalHeader.m */,
				6D59A98F20711CAE00955DB1 /* MJRefreshStateHeader.h */,
				6D59A99020711CAE00955DB1 /* MJRefreshGifHeader.h */,
				6D59A99120711CAE00955DB1 /* MJRefreshNormalHeader.h */,
				6D59A99220711CAE00955DB1 /* MJRefreshStateHeader.m */,
				6D59A99320711CAE00955DB1 /* MJRefreshGifHeader.m */,
			);
			path = Header;
			sourceTree = "<group>";
		};
		6D59A99420711CAE00955DB1 /* Base */ = {
			isa = PBXGroup;
			children = (
				6D59A99520711CAE00955DB1 /* MJRefreshFooter.m */,
				6D59A99620711CAE00955DB1 /* MJRefreshComponent.h */,
				6D59A99720711CAE00955DB1 /* MJRefreshHeader.m */,
				6D59A99820711CAE00955DB1 /* MJRefreshAutoFooter.h */,
				6D59A99920711CAE00955DB1 /* MJRefreshBackFooter.m */,
				6D59A99A20711CAE00955DB1 /* MJRefreshAutoFooter.m */,
				6D59A99B20711CAE00955DB1 /* MJRefreshHeader.h */,
				6D59A99C20711CAE00955DB1 /* MJRefreshComponent.m */,
				6D59A99D20711CAE00955DB1 /* MJRefreshFooter.h */,
				6D59A99E20711CAE00955DB1 /* MJRefreshBackFooter.h */,
			);
			path = Base;
			sourceTree = "<group>";
		};
		6D59A9B62071209000955DB1 /* Resource */ = {
			isa = PBXGroup;
			children = (
				6D59A9B7207120B000955DB1 /* Demo.gif */,
			);
			name = Resource;
			sourceTree = "<group>";
		};
		6D61440E204057F800690FCD /* View */ = {
			isa = PBXGroup;
			children = (
				6DD4F1AB20280768007A20E5 /* PlaceHolderTextView */,
				6D61440F2040581600690FCD /* TYCircleProgressView.h */,
				6D6144102040581600690FCD /* TYCircleProgressView.m */,
				6DB6CDD6205A553A000CAEF6 /* TestView.h */,
				6DB6CDD7205A553A000CAEF6 /* TestView.m */,
				6DB6CDD4205A5525000CAEF6 /* TestView.xib */,
			);
			name = View;
			sourceTree = "<group>";
		};
		6D6921EA202195C600201D06 /* ViewController */ = {
			isa = PBXGroup;
			children = (
				6D6143F5203FFC9D00690FCD /* TYPublishedViewController.h */,
				6D6143F6203FFC9D00690FCD /* TYPublishedViewController.m */,
				6D6921EB202195D600201D06 /* TYDemo1ViewController.h */,
				6D6921EC202195D600201D06 /* TYDemo1ViewController.m */,
			);
			name = ViewController;
			sourceTree = "<group>";
		};
		6DCF7E2F206C638000A7EB68 /* Test */ = {
			isa = PBXGroup;
			children = (
				6003F5A5195388D20070C39A /* TYViewController.h */,
				6003F5A6195388D20070C39A /* TYViewController.m */,
				6DC380C9201A1F290063B3D7 /* MTHomeRootViewController.h */,
				6DC380CA201A1F290063B3D7 /* MTHomeRootViewController.m */,
				6DC380CC201A25030063B3D7 /* TYRecommetViewController.h */,
				6DC380CD201A25030063B3D7 /* TYRecommetViewController.m */,
				6DDEB971201F554600B0B023 /* MTTitleView.h */,
				6DDEB972201F554600B0B023 /* MTTitleView.m */,
				6D6921E72021959B00201D06 /* TYCreateionRootViewController.h */,
				6D6921E82021959B00201D06 /* TYCreateionRootViewController.m */,
				6D0972B7202AF462006B0B20 /* TYTabBarController.h */,
				6D0972B8202AF462006B0B20 /* TYTabBarController.m */,
				6D6143F2203FF4C600690FCD /* TYTabBar.h */,
				6D6143F3203FF4C700690FCD /* TYTabBar.m */,
				6D6143E9203FF3A700690FCD /* TYTestOneViewController.h */,
				6D6143EA203FF3A700690FCD /* TYTestOneViewController.m */,
				6D6143EC203FF3B800690FCD /* TYTestTwoViewController.h */,
				6D6143ED203FF3B800690FCD /* TYTestTwoViewController.m */,
				6D6143EF203FF3D300690FCD /* TYThreeViewController.h */,
				6D6143F0203FF3D300690FCD /* TYThreeViewController.m */,
			);
			name = Test;
			sourceTree = "<group>";
		};
		6DCF7E30206C63BE00A7EB68 /* Animation */ = {
			isa = PBXGroup;
			children = (
				6D6143F8203FFDF600690FCD /* TYPublishProgressProtocol.h */,
				6D6143FA203FFDF600690FCD /* TYPublishTransitionAnimator.h */,
				6D6143FB203FFDF600690FCD /* TYPublishTransitionAnimator.m */,
				6D6143FC203FFDF600690FCD /* TYPublishTransitionDelegate.h */,
				6D6143F9203FFDF600690FCD /* TYPublishTransitionDelegate.m */,
			);
			name = Animation;
			sourceTree = "<group>";
		};
		6DCF7E31206C63E100A7EB68 /* WeiBoDemo */ = {
			isa = PBXGroup;
			children = (
				6DCF7E33206C63F600A7EB68 /* View */,
				6DCF7E32206C63ED00A7EB68 /* ViewController */,
			);
			name = WeiBoDemo;
			sourceTree = "<group>";
		};
		6DCF7E32206C63ED00A7EB68 /* ViewController */ = {
			isa = PBXGroup;
			children = (
				6DCF7E3F206C654300A7EB68 /* TYWeiBoDemoViewController.h */,
				6DCF7E40206C654300A7EB68 /* TYWeiBoDemoViewController.m */,
				6DCF7E42206CA31B00A7EB68 /* TYWeiBoHomeViewController.h */,
				6DCF7E43206CA31B00A7EB68 /* TYWeiBoHomeViewController.m */,
				6DCF7E45206CA32700A7EB68 /* TYWeiBoViewController.h */,
				6DCF7E46206CA32700A7EB68 /* TYWeiBoViewController.m */,
				6DCF7E48206CA33600A7EB68 /* TYWeiBoVideoViewController.h */,
				6DCF7E49206CA33600A7EB68 /* TYWeiBoVideoViewController.m */,
				6DCF7E4B206CA34400A7EB68 /* TYWeiBoPhotoViewController.h */,
				6DCF7E4C206CA34400A7EB68 /* TYWeiBoPhotoViewController.m */,
			);
			name = ViewController;
			sourceTree = "<group>";
		};
		6DCF7E33206C63F600A7EB68 /* View */ = {
			isa = PBXGroup;
			children = (
				6DCF7E6D206CB71500A7EB68 /* TYWeiBoUserProfileHeaderView.h */,
				6DCF7E6E206CB71500A7EB68 /* TYWeiBoUserProfileHeaderView.m */,
			);
			name = View;
			sourceTree = "<group>";
		};
		6DCF7E37206C64BE00A7EB68 /* MainModule */ = {
			isa = PBXGroup;
			children = (
				6DCF7E38206C64D300A7EB68 /* ViewController */,
			);
			name = MainModule;
			sourceTree = "<group>";
		};
		6DCF7E38206C64D300A7EB68 /* ViewController */ = {
			isa = PBXGroup;
			children = (
				6DCF7E3C206C652700A7EB68 /* TYMainModuleViewController.h */,
				6DCF7E3D206C652700A7EB68 /* TYMainModuleViewController.m */,
			);
			name = ViewController;
			sourceTree = "<group>";
		};
		6DCF7E4E206CB2CC00A7EB68 /* Compoment */ = {
			isa = PBXGroup;
			children = (
				6D59A96E20711CAE00955DB1 /* MJRefresh */,
				6DCF7E51206CB30B00A7EB68 /* SimpleNavgationBar */,
			);
			name = Compoment;
			sourceTree = "<group>";
		};
		6DCF7E51206CB30B00A7EB68 /* SimpleNavgationBar */ = {
			isa = PBXGroup;
			children = (
				6DCF7E52206CB30B00A7EB68 /* SimpleNavigationCustomBar.h */,
				6DCF7E53206CB30B00A7EB68 /* SimpleNavigationConst.h */,
				6DCF7E54206CB30B00A7EB68 /* UINavigationController+SimpleNavigationBar.m */,
				6DCF7E55206CB30B00A7EB68 /* UINavigationBar+SimpleNavigationBar.m */,
				6DCF7E56206CB30B00A7EB68 /* NSObject+SimpleNavigationBar.m */,
				6DCF7E57206CB30B00A7EB68 /* UINavigationBar+SimpleNavigationBarPrivateProperty.h */,
				6DCF7E58206CB30B00A7EB68 /* UIViewController+SimpleNavigationBar.m */,
				6DCF7E59206CB30B00A7EB68 /* UIColor+SimpleNavgationBar.h */,
				6DCF7E5A206CB30B00A7EB68 /* SimpleNavgationBar.h */,
				6DCF7E5B206CB30B00A7EB68 /* SimpleNavigationCustomBar.m */,
				6DCF7E5C206CB30B00A7EB68 /* NSObject+SimpleNavigationBar.h */,
				6DCF7E5D206CB30B00A7EB68 /* UINavigationBar+SimpleNavigationBar.h */,
				6DCF7E5E206CB30B00A7EB68 /* UINavigationController+SimpleNavigationBar.h */,
				6DCF7E5F206CB30B00A7EB68 /* SimpleNavigationConst.m */,
				6DCF7E60206CB30B00A7EB68 /* UINavigationBar+SimpleNavigationBarPrivateProperty.m */,
				6DCF7E61206CB30B00A7EB68 /* SimpleNavgationBar.m */,
				6DCF7E62206CB30B00A7EB68 /* UIColor+SimpleNavgationBar.m */,
				6DCF7E63206CB30B00A7EB68 /* UIViewController+SimpleNavigationBar.h */,
			);
			path = SimpleNavgationBar;
			sourceTree = "<group>";
		};
		6DD4F1AB20280768007A20E5 /* PlaceHolderTextView */ = {
			isa = PBXGroup;
			children = (
				6DD4F1AC20280768007A20E5 /* UIPlaceHolderTextView.h */,
				6DD4F1AD20280768007A20E5 /* UIPlaceHolderTextView.m */,
			);
			path = PlaceHolderTextView;
			sourceTree = "<group>";
		};
		6DDEB969201F268E00B0B023 /* Classess */ = {
			isa = PBXGroup;
			children = (
				6D59A9B62071209000955DB1 /* Resource */,
				6DCF7E4E206CB2CC00A7EB68 /* Compoment */,
				6DCF7E37206C64BE00A7EB68 /* MainModule */,
				6DCF7E31206C63E100A7EB68 /* WeiBoDemo */,
				6DCF7E30206C63BE00A7EB68 /* Animation */,
				6DCF7E2F206C638000A7EB68 /* Test */,
				6D61440E204057F800690FCD /* View */,
				6DDEB96B201F269F00B0B023 /* Demo2 */,
				6DDEB96A201F269700B0B023 /* Demo1 */,
			);
			name = Classess;
			sourceTree = "<group>";
		};
		6DDEB96A201F269700B0B023 /* Demo1 */ = {
			isa = PBXGroup;
			children = (
				6D6921EA202195C600201D06 /* ViewController */,
			);
			name = Demo1;
			sourceTree = "<group>";
		};
		6DDEB96B201F269F00B0B023 /* Demo2 */ = {
			isa = PBXGroup;
			children = (
				6DDEB96D201F26AE00B0B023 /* ViewController */,
				6DDEB96C201F26A900B0B023 /* View */,
			);
			name = Demo2;
			sourceTree = "<group>";
		};
		6DDEB96C201F26A900B0B023 /* View */ = {
			isa = PBXGroup;
			children = (
			);
			name = View;
			sourceTree = "<group>";
		};
		6DDEB96D201F26AE00B0B023 /* ViewController */ = {
			isa = PBXGroup;
			children = (
				6DDEB96E201F276E00B0B023 /* MTDemo2ViewController.h */,
				6DDEB96F201F276E00B0B023 /* MTDemo2ViewController.m */,
			);
			name = ViewController;
			sourceTree = "<group>";
		};
		9476EABF6AB8B7A373D84C0F /* Pods */ = {
			isa = PBXGroup;
			children = (
				9BDC1A3B47CC555AD01804F4 /* Pods-TYPageViewController_Example.debug.xcconfig */,
				7A8061EB354E772F81A13AB7 /* Pods-TYPageViewController_Example.release.xcconfig */,
				F241E1530C55FCC3541D5547 /* Pods-TYPageViewController_Tests.debug.xcconfig */,
				282551B6AF48260E1FD78158 /* Pods-TYPageViewController_Tests.release.xcconfig */,
			);
			name = Pods;
			sourceTree = "<group>";
		};
/* End PBXGroup section */

/* Begin PBXNativeTarget section */
		6003F589195388D20070C39A /* TYPageViewController_Example */ = {
			isa = PBXNativeTarget;
			buildConfigurationList = 6003F5BF195388D20070C39A /* Build configuration list for PBXNativeTarget "TYPageViewController_Example" */;
			buildPhases = (
				ABF36267164FCE472E5991FC /* [CP] Check Pods Manifest.lock */,
				6003F586195388D20070C39A /* Sources */,
				6003F587195388D20070C39A /* Frameworks */,
				6003F588195388D20070C39A /* Resources */,
				20249D3F3FCABBB3A42365AF /* [CP] Embed Pods Frameworks */,
				DD5D950D16F66E880EE81DD8 /* [CP] Copy Pods Resources */,
			);
			buildRules = (
			);
			dependencies = (
			);
			name = TYPageViewController_Example;
			productName = TYPageViewController;
			productReference = 6003F58A195388D20070C39A /* TYPageViewController_Example.app */;
			productType = "com.apple.product-type.application";
		};
		6003F5AD195388D20070C39A /* TYPageViewController_Tests */ = {
			isa = PBXNativeTarget;
			buildConfigurationList = 6003F5C2195388D20070C39A /* Build configuration list for PBXNativeTarget "TYPageViewController_Tests" */;
			buildPhases = (
				738B53EAE88A23AC752AEB5A /* [CP] Check Pods Manifest.lock */,
				6003F5AA195388D20070C39A /* Sources */,
				6003F5AB195388D20070C39A /* Frameworks */,
				6003F5AC195388D20070C39A /* Resources */,
				0C44774B8826E91F07B3645F /* [CP] Embed Pods Frameworks */,
				146AF5B0CFBEFC817263371D /* [CP] Copy Pods Resources */,
			);
			buildRules = (
			);
			dependencies = (
				6003F5B4195388D20070C39A /* PBXTargetDependency */,
			);
			name = TYPageViewController_Tests;
			productName = TYPageViewControllerTests;
			productReference = 6003F5AE195388D20070C39A /* TYPageViewController_Tests.xctest */;
			productType = "com.apple.product-type.bundle.unit-test";
		};
/* End PBXNativeTarget section */

/* Begin PBXProject section */
		6003F582195388D10070C39A /* Project object */ = {
			isa = PBXProject;
			attributes = {
				CLASSPREFIX = TY;
				LastUpgradeCheck = 0930;
				ORGANIZATIONNAME = "1130128166@qq.com";
				TargetAttributes = {
					6003F589195388D20070C39A = {
						DevelopmentTeam = F3ZZL9NMTQ;
						ProvisioningStyle = Automatic;
					};
					6003F5AD195388D20070C39A = {
						TestTargetID = 6003F589195388D20070C39A;
					};
				};
			};
			buildConfigurationList = 6003F585195388D10070C39A /* Build configuration list for PBXProject "TYPageViewController" */;
			compatibilityVersion = "Xcode 3.2";
			developmentRegion = English;
			hasScannedForEncodings = 0;
			knownRegions = (
				en,
				Base,
			);
			mainGroup = 6003F581195388D10070C39A;
			productRefGroup = 6003F58B195388D20070C39A /* Products */;
			projectDirPath = "";
			projectRoot = "";
			targets = (
				6003F589195388D20070C39A /* TYPageViewController_Example */,
				6003F5AD195388D20070C39A /* TYPageViewController_Tests */,
			);
		};
/* End PBXProject section */

/* Begin PBXResourcesBuildPhase section */
		6003F588195388D20070C39A /* Resources */ = {
			isa = PBXResourcesBuildPhase;
			buildActionMask = 2147483647;
			files = (
				6D59A9A020711CAE00955DB1 /* LICENSE in Resources */,
				873B8AEB1B1F5CCA007FD442 /* Main.storyboard in Resources */,
				6D59A9A320711CAE00955DB1 /* MJRefresh.bundle in Resources */,
				71719F9F1E33DC2100824A3D /* LaunchScreen.storyboard in Resources */,
				6003F5A9195388D20070C39A /* Images.xcassets in Resources */,
				6D59A9B8207120B000955DB1 /* Demo.gif in Resources */,
				6DB6CDD5205A5525000CAEF6 /* TestView.xib in Resources */,
				6D59A9B520711CAE00955DB1 /* README.md in Resources */,
				6003F598195388D20070C39A /* InfoPlist.strings in Resources */,
			);
			runOnlyForDeploymentPostprocessing = 0;
		};
		6003F5AC195388D20070C39A /* Resources */ = {
			isa = PBXResourcesBuildPhase;
			buildActionMask = 2147483647;
			files = (
				6003F5BA195388D20070C39A /* InfoPlist.strings in Resources */,
			);
			runOnlyForDeploymentPostprocessing = 0;
		};
/* End PBXResourcesBuildPhase section */

/* Begin PBXShellScriptBuildPhase section */
		0C44774B8826E91F07B3645F /* [CP] Embed Pods Frameworks */ = {
			isa = PBXShellScriptBuildPhase;
			buildActionMask = 2147483647;
			files = (
			);
			inputPaths = (
				"${SRCROOT}/Pods/Target Support Files/Pods-TYPageViewController_Tests/Pods-TYPageViewController_Tests-frameworks.sh",
				"${BUILT_PRODUCTS_DIR}/FBSnapshotTestCase/FBSnapshotTestCase.framework",
			);
			name = "[CP] Embed Pods Frameworks";
			outputPaths = (
				"${TARGET_BUILD_DIR}/${FRAMEWORKS_FOLDER_PATH}/FBSnapshotTestCase.framework",
			);
			runOnlyForDeploymentPostprocessing = 0;
			shellPath = /bin/sh;
			shellScript = "\"${SRCROOT}/Pods/Target Support Files/Pods-TYPageViewController_Tests/Pods-TYPageViewController_Tests-frameworks.sh\"\n";
			showEnvVarsInLog = 0;
		};
		146AF5B0CFBEFC817263371D /* [CP] Copy Pods Resources */ = {
			isa = PBXShellScriptBuildPhase;
			buildActionMask = 2147483647;
			files = (
			);
			inputPaths = (
			);
			name = "[CP] Copy Pods Resources";
			outputPaths = (
			);
			runOnlyForDeploymentPostprocessing = 0;
			shellPath = /bin/sh;
			shellScript = "\"${SRCROOT}/Pods/Target Support Files/Pods-TYPageViewController_Tests/Pods-TYPageViewController_Tests-resources.sh\"\n";
			showEnvVarsInLog = 0;
		};
		20249D3F3FCABBB3A42365AF /* [CP] Embed Pods Frameworks */ = {
			isa = PBXShellScriptBuildPhase;
			buildActionMask = 2147483647;
			files = (
			);
			inputPaths = (
				"${SRCROOT}/Pods/Target Support Files/Pods-TYPageViewController_Example/Pods-TYPageViewController_Example-frameworks.sh",
				"${BUILT_PRODUCTS_DIR}/TYPageViewController/TYPageViewController.framework",
			);
			name = "[CP] Embed Pods Frameworks";
			outputPaths = (
				"${TARGET_BUILD_DIR}/${FRAMEWORKS_FOLDER_PATH}/TYPageViewController.framework",
			);
			runOnlyForDeploymentPostprocessing = 0;
			shellPath = /bin/sh;
			shellScript = "\"${SRCROOT}/Pods/Target Support Files/Pods-TYPageViewController_Example/Pods-TYPageViewController_Example-frameworks.sh\"\n";
			showEnvVarsInLog = 0;
		};
		738B53EAE88A23AC752AEB5A /* [CP] Check Pods Manifest.lock */ = {
			isa = PBXShellScriptBuildPhase;
			buildActionMask = 2147483647;
			files = (
			);
			inputPaths = (
				"${PODS_PODFILE_DIR_PATH}/Podfile.lock",
				"${PODS_ROOT}/Manifest.lock",
			);
			name = "[CP] Check Pods Manifest.lock";
			outputPaths = (
				"$(DERIVED_FILE_DIR)/Pods-TYPageViewController_Tests-checkManifestLockResult.txt",
			);
			runOnlyForDeploymentPostprocessing = 0;
			shellPath = /bin/sh;
			shellScript = "diff \"${PODS_PODFILE_DIR_PATH}/Podfile.lock\" \"${PODS_ROOT}/Manifest.lock\" > /dev/null\nif [ $? != 0 ] ; then\n    # print error to STDERR\n    echo \"error: The sandbox is not in sync with the Podfile.lock. Run 'pod install' or update your CocoaPods installation.\" >&2\n    exit 1\nfi\n# This output is used by Xcode 'outputs' to avoid re-running this script phase.\necho \"SUCCESS\" > \"${SCRIPT_OUTPUT_FILE_0}\"\n";
			showEnvVarsInLog = 0;
		};
		ABF36267164FCE472E5991FC /* [CP] Check Pods Manifest.lock */ = {
			isa = PBXShellScriptBuildPhase;
			buildActionMask = 2147483647;
			files = (
			);
			inputPaths = (
				"${PODS_PODFILE_DIR_PATH}/Podfile.lock",
				"${PODS_ROOT}/Manifest.lock",
			);
			name = "[CP] Check Pods Manifest.lock";
			outputPaths = (
				"$(DERIVED_FILE_DIR)/Pods-TYPageViewController_Example-checkManifestLockResult.txt",
			);
			runOnlyForDeploymentPostprocessing = 0;
			shellPath = /bin/sh;
			shellScript = "diff \"${PODS_PODFILE_DIR_PATH}/Podfile.lock\" \"${PODS_ROOT}/Manifest.lock\" > /dev/null\nif [ $? != 0 ] ; then\n    # print error to STDERR\n    echo \"error: The sandbox is not in sync with the Podfile.lock. Run 'pod install' or update your CocoaPods installation.\" >&2\n    exit 1\nfi\n# This output is used by Xcode 'outputs' to avoid re-running this script phase.\necho \"SUCCESS\" > \"${SCRIPT_OUTPUT_FILE_0}\"\n";
			showEnvVarsInLog = 0;
		};
		DD5D950D16F66E880EE81DD8 /* [CP] Copy Pods Resources */ = {
			isa = PBXShellScriptBuildPhase;
			buildActionMask = 2147483647;
			files = (
			);
			inputPaths = (
			);
			name = "[CP] Copy Pods Resources";
			outputPaths = (
			);
			runOnlyForDeploymentPostprocessing = 0;
			shellPath = /bin/sh;
			shellScript = "\"${SRCROOT}/Pods/Target Support Files/Pods-TYPageViewController_Example/Pods-TYPageViewController_Example-resources.sh\"\n";
			showEnvVarsInLog = 0;
		};
/* End PBXShellScriptBuildPhase section */

/* Begin PBXSourcesBuildPhase section */
		6003F586195388D20070C39A /* Sources */ = {
			isa = PBXSourcesBuildPhase;
			buildActionMask = 2147483647;
			files = (
				6DCF7E6F206CB71500A7EB68 /* TYWeiBoUserProfileHeaderView.m in Sources */,
				6D6143F1203FF3D300690FCD /* TYThreeViewController.m in Sources */,
				6DCF7E68206CB30B00A7EB68 /* SimpleNavigationCustomBar.m in Sources */,
				6D59A9A520711CAE00955DB1 /* NSBundle+MJRefresh.m in Sources */,
				6DCF7E65206CB30B00A7EB68 /* UINavigationBar+SimpleNavigationBar.m in Sources */,
				6003F59E195388D20070C39A /* TYAppDelegate.m in Sources */,
				6DCF7E3E206C652700A7EB68 /* TYMainModuleViewController.m in Sources */,
				6D59A9A720711CAE00955DB1 /* MJRefreshBackGifFooter.m in Sources */,
				6D59A9AF20711CAE00955DB1 /* MJRefreshGifHeader.m in Sources */,
				6DCF7E67206CB30B00A7EB68 /* UIViewController+SimpleNavigationBar.m in Sources */,
				6D59A9AE20711CAE00955DB1 /* MJRefreshStateHeader.m in Sources */,
				6DCF7E6C206CB30B00A7EB68 /* UIColor+SimpleNavgationBar.m in Sources */,
				6D6143F7203FFC9D00690FCD /* TYPublishedViewController.m in Sources */,
				6DCF7E47206CA32700A7EB68 /* TYWeiBoViewController.m in Sources */,
				6DCF7E6A206CB30B00A7EB68 /* UINavigationBar+SimpleNavigationBarPrivateProperty.m in Sources */,
				6D59A9A620711CAE00955DB1 /* UIView+MJExtension.m in Sources */,
				6D59A9A820711CAE00955DB1 /* MJRefreshBackStateFooter.m in Sources */,
				6D59A9B420711CAE00955DB1 /* MJRefreshComponent.m in Sources */,
				6003F5A7195388D20070C39A /* TYViewController.m in Sources */,
				6D6143EE203FF3B800690FCD /* TYTestTwoViewController.m in Sources */,
				6D59A9AA20711CAE00955DB1 /* MJRefreshAutoStateFooter.m in Sources */,
				6DCF7E6B206CB30B00A7EB68 /* SimpleNavgationBar.m in Sources */,
				6DCF7E44206CA31B00A7EB68 /* TYWeiBoHomeViewController.m in Sources */,
				6DC380CB201A1F290063B3D7 /* MTHomeRootViewController.m in Sources */,
				6D6143F4203FF4C700690FCD /* TYTabBar.m in Sources */,
				6003F59A195388D20070C39A /* main.m in Sources */,
				6D59A9A120711CAE00955DB1 /* UIScrollView+MJRefresh.m in Sources */,
				6DCF7E41206C654300A7EB68 /* TYWeiBoDemoViewController.m in Sources */,
				6D6143FE203FFDF700690FCD /* TYPublishTransitionAnimator.m in Sources */,
				6D59A9AC20711CAE00955DB1 /* MJRefreshAutoNormalFooter.m in Sources */,
				6D59A9A920711CAE00955DB1 /* MJRefreshBackNormalFooter.m in Sources */,
				6DD4F1AE20280768007A20E5 /* UIPlaceHolderTextView.m in Sources */,
				6D59A9A220711CAE00955DB1 /* MJRefreshConst.m in Sources */,
				6D6143FD203FFDF700690FCD /* TYPublishTransitionDelegate.m in Sources */,
				6DCF7E64206CB30B00A7EB68 /* UINavigationController+SimpleNavigationBar.m in Sources */,
				6DCF7E69206CB30B00A7EB68 /* SimpleNavigationConst.m in Sources */,
				6D0972B9202AF463006B0B20 /* TYTabBarController.m in Sources */,
				6D59A9A420711CAE00955DB1 /* UIScrollView+MJExtension.m in Sources */,
				6DCF7E66206CB30B00A7EB68 /* NSObject+SimpleNavigationBar.m in Sources */,
				6D59A9AB20711CAE00955DB1 /* MJRefreshAutoGifFooter.m in Sources */,
				6DB6CDD8205A553A000CAEF6 /* TestView.m in Sources */,
				6D6143EB203FF3A700690FCD /* TYTestOneViewController.m in Sources */,
				6D59A9B020711CAE00955DB1 /* MJRefreshFooter.m in Sources */,
				6D6921E92021959B00201D06 /* TYCreateionRootViewController.m in Sources */,
				6DC380CE201A25030063B3D7 /* TYRecommetViewController.m in Sources */,
				6DCF7E4A206CA33600A7EB68 /* TYWeiBoVideoViewController.m in Sources */,
				6D59A9AD20711CAE00955DB1 /* MJRefreshNormalHeader.m in Sources */,
				6DDEB970201F276E00B0B023 /* MTDemo2ViewController.m in Sources */,
				6D59A9B220711CAE00955DB1 /* MJRefreshBackFooter.m in Sources */,
				6D59A9B120711CAE00955DB1 /* MJRefreshHeader.m in Sources */,
				6D6921ED202195D600201D06 /* TYDemo1ViewController.m in Sources */,
				6DDEB973201F554600B0B023 /* MTTitleView.m in Sources */,
				6D6144112040581600690FCD /* TYCircleProgressView.m in Sources */,
				6D59A9B320711CAE00955DB1 /* MJRefreshAutoFooter.m in Sources */,
				6DCF7E4D206CA34400A7EB68 /* TYWeiBoPhotoViewController.m in Sources */,
			);
			runOnlyForDeploymentPostprocessing = 0;
		};
		6003F5AA195388D20070C39A /* Sources */ = {
			isa = PBXSourcesBuildPhase;
			buildActionMask = 2147483647;
			files = (
				6003F5BC195388D20070C39A /* Tests.m in Sources */,
			);
			runOnlyForDeploymentPostprocessing = 0;
		};
/* End PBXSourcesBuildPhase section */

/* Begin PBXTargetDependency section */
		6003F5B4195388D20070C39A /* PBXTargetDependency */ = {
			isa = PBXTargetDependency;
			target = 6003F589195388D20070C39A /* TYPageViewController_Example */;
			targetProxy = 6003F5B3195388D20070C39A /* PBXContainerItemProxy */;
		};
/* End PBXTargetDependency section */

/* Begin PBXVariantGroup section */
		6003F596195388D20070C39A /* InfoPlist.strings */ = {
			isa = PBXVariantGroup;
			children = (
				6003F597195388D20070C39A /* en */,
			);
			name = InfoPlist.strings;
			sourceTree = "<group>";
		};
		6003F5B8195388D20070C39A /* InfoPlist.strings */ = {
			isa = PBXVariantGroup;
			children = (
				6003F5B9195388D20070C39A /* en */,
			);
			name = InfoPlist.strings;
			sourceTree = "<group>";
		};
		71719F9D1E33DC2100824A3D /* LaunchScreen.storyboard */ = {
			isa = PBXVariantGroup;
			children = (
				71719F9E1E33DC2100824A3D /* Base */,
			);
			name = LaunchScreen.storyboard;
			sourceTree = "<group>";
		};
/* End PBXVariantGroup section */

/* Begin XCBuildConfiguration section */
		6003F5BD195388D20070C39A /* Debug */ = {
			isa = XCBuildConfiguration;
			buildSettings = {
				ALWAYS_SEARCH_USER_PATHS = NO;
				CLANG_CXX_LANGUAGE_STANDARD = "gnu++0x";
				CLANG_CXX_LIBRARY = "libc++";
				CLANG_ENABLE_MODULES = YES;
				CLANG_ENABLE_OBJC_ARC = YES;
				CLANG_WARN_BLOCK_CAPTURE_AUTORELEASING = YES;
				CLANG_WARN_BOOL_CONVERSION = YES;
				CLANG_WARN_COMMA = YES;
				CLANG_WARN_CONSTANT_CONVERSION = YES;
				CLANG_WARN_DEPRECATED_OBJC_IMPLEMENTATIONS = YES;
				CLANG_WARN_DIRECT_OBJC_ISA_USAGE = YES_ERROR;
				CLANG_WARN_EMPTY_BODY = YES;
				CLANG_WARN_ENUM_CONVERSION = YES;
				CLANG_WARN_INFINITE_RECURSION = YES;
				CLANG_WARN_INT_CONVERSION = YES;
				CLANG_WARN_NON_LITERAL_NULL_CONVERSION = YES;
				CLANG_WARN_OBJC_IMPLICIT_RETAIN_SELF = YES;
				CLANG_WARN_OBJC_LITERAL_CONVERSION = YES;
				CLANG_WARN_OBJC_ROOT_CLASS = YES_ERROR;
				CLANG_WARN_RANGE_LOOP_ANALYSIS = YES;
				CLANG_WARN_STRICT_PROTOTYPES = YES;
				CLANG_WARN_SUSPICIOUS_MOVE = YES;
				CLANG_WARN_UNREACHABLE_CODE = YES;
				CLANG_WARN__DUPLICATE_METHOD_MATCH = YES;
				"CODE_SIGN_IDENTITY[sdk=iphoneos*]" = "iPhone Developer";
				COPY_PHASE_STRIP = NO;
				ENABLE_STRICT_OBJC_MSGSEND = YES;
				ENABLE_TESTABILITY = YES;
				GCC_C_LANGUAGE_STANDARD = gnu99;
				GCC_DYNAMIC_NO_PIC = NO;
				GCC_NO_COMMON_BLOCKS = YES;
				GCC_OPTIMIZATION_LEVEL = 0;
				GCC_PREPROCESSOR_DEFINITIONS = (
					"DEBUG=1",
					"$(inherited)",
				);
				GCC_SYMBOLS_PRIVATE_EXTERN = NO;
				GCC_WARN_64_TO_32_BIT_CONVERSION = YES;
				GCC_WARN_ABOUT_RETURN_TYPE = YES_ERROR;
				GCC_WARN_UNDECLARED_SELECTOR = YES;
				GCC_WARN_UNINITIALIZED_AUTOS = YES_AGGRESSIVE;
				GCC_WARN_UNUSED_FUNCTION = YES;
				GCC_WARN_UNUSED_VARIABLE = YES;
				IPHONEOS_DEPLOYMENT_TARGET = 9.3;
				ONLY_ACTIVE_ARCH = YES;
				SDKROOT = iphoneos;
				TARGETED_DEVICE_FAMILY = "1,2";
			};
			name = Debug;
		};
		6003F5BE195388D20070C39A /* Release */ = {
			isa = XCBuildConfiguration;
			buildSettings = {
				ALWAYS_SEARCH_USER_PATHS = NO;
				CLANG_CXX_LANGUAGE_STANDARD = "gnu++0x";
				CLANG_CXX_LIBRARY = "libc++";
				CLANG_ENABLE_MODULES = YES;
				CLANG_ENABLE_OBJC_ARC = YES;
				CLANG_WARN_BLOCK_CAPTURE_AUTORELEASING = YES;
				CLANG_WARN_BOOL_CONVERSION = YES;
				CLANG_WARN_COMMA = YES;
				CLANG_WARN_CONSTANT_CONVERSION = YES;
				CLANG_WARN_DEPRECATED_OBJC_IMPLEMENTATIONS = YES;
				CLANG_WARN_DIRECT_OBJC_ISA_USAGE = YES_ERROR;
				CLANG_WARN_EMPTY_BODY = YES;
				CLANG_WARN_ENUM_CONVERSION = YES;
				CLANG_WARN_INFINITE_RECURSION = YES;
				CLANG_WARN_INT_CONVERSION = YES;
				CLANG_WARN_NON_LITERAL_NULL_CONVERSION = YES;
				CLANG_WARN_OBJC_IMPLICIT_RETAIN_SELF = YES;
				CLANG_WARN_OBJC_LITERAL_CONVERSION = YES;
				CLANG_WARN_OBJC_ROOT_CLASS = YES_ERROR;
				CLANG_WARN_RANGE_LOOP_ANALYSIS = YES;
				CLANG_WARN_STRICT_PROTOTYPES = YES;
				CLANG_WARN_SUSPICIOUS_MOVE = YES;
				CLANG_WARN_UNREACHABLE_CODE = YES;
				CLANG_WARN__DUPLICATE_METHOD_MATCH = YES;
				"CODE_SIGN_IDENTITY[sdk=iphoneos*]" = "iPhone Developer";
				COPY_PHASE_STRIP = YES;
				ENABLE_NS_ASSERTIONS = NO;
				ENABLE_STRICT_OBJC_MSGSEND = YES;
				GCC_C_LANGUAGE_STANDARD = gnu99;
				GCC_NO_COMMON_BLOCKS = YES;
				GCC_WARN_64_TO_32_BIT_CONVERSION = YES;
				GCC_WARN_ABOUT_RETURN_TYPE = YES_ERROR;
				GCC_WARN_UNDECLARED_SELECTOR = YES;
				GCC_WARN_UNINITIALIZED_AUTOS = YES_AGGRESSIVE;
				GCC_WARN_UNUSED_FUNCTION = YES;
				GCC_WARN_UNUSED_VARIABLE = YES;
				IPHONEOS_DEPLOYMENT_TARGET = 9.3;
				SDKROOT = iphoneos;
				TARGETED_DEVICE_FAMILY = "1,2";
				VALIDATE_PRODUCT = YES;
			};
			name = Release;
		};
		6003F5C0195388D20070C39A /* Debug */ = {
			isa = XCBuildConfiguration;
			baseConfigurationReference = 9BDC1A3B47CC555AD01804F4 /* Pods-TYPageViewController_Example.debug.xcconfig */;
			buildSettings = {
				ASSETCATALOG_COMPILER_APPICON_NAME = AppIcon;
				"CODE_SIGN_IDENTITY[sdk=iphoneos*]" = "iPhone Developer";
				CODE_SIGN_STYLE = Automatic;
				DEVELOPMENT_TEAM = F3ZZL9NMTQ;
				GCC_PRECOMPILE_PREFIX_HEADER = YES;
				GCC_PREFIX_HEADER = "TYPageViewController/TYPageViewController-Prefix.pch";
				INFOPLIST_FILE = "TYPageViewController/TYPageViewController-Info.plist";
				IPHONEOS_DEPLOYMENT_TARGET = 9.3;
				MODULE_NAME = ExampleApp;
				PRODUCT_BUNDLE_IDENTIFIER = "org.cocoapods.demo.${PRODUCT_NAME:rfc1034identifier}";
				PRODUCT_NAME = "$(TARGET_NAME)";
				PROVISIONING_PROFILE_SPECIFIER = "";
				WRAPPER_EXTENSION = app;
			};
			name = Debug;
		};
		6003F5C1195388D20070C39A /* Release */ = {
			isa = XCBuildConfiguration;
			baseConfigurationReference = 7A8061EB354E772F81A13AB7 /* Pods-TYPageViewController_Example.release.xcconfig */;
			buildSettings = {
				ASSETCATALOG_COMPILER_APPICON_NAME = AppIcon;
				"CODE_SIGN_IDENTITY[sdk=iphoneos*]" = "iPhone Developer";
				CODE_SIGN_STYLE = Automatic;
				DEVELOPMENT_TEAM = F3ZZL9NMTQ;
				GCC_PRECOMPILE_PREFIX_HEADER = YES;
				GCC_PREFIX_HEADER = "TYPageViewController/TYPageViewController-Prefix.pch";
				INFOPLIST_FILE = "TYPageViewController/TYPageViewController-Info.plist";
				IPHONEOS_DEPLOYMENT_TARGET = 9.3;
				MODULE_NAME = ExampleApp;
				PRODUCT_BUNDLE_IDENTIFIER = "org.cocoapods.demo.${PRODUCT_NAME:rfc1034identifier}";
				PRODUCT_NAME = "$(TARGET_NAME)";
				PROVISIONING_PROFILE_SPECIFIER = "";
				WRAPPER_EXTENSION = app;
			};
			name = Release;
		};
		6003F5C3195388D20070C39A /* Debug */ = {
			isa = XCBuildConfiguration;
			baseConfigurationReference = F241E1530C55FCC3541D5547 /* Pods-TYPageViewController_Tests.debug.xcconfig */;
			buildSettings = {
				ALWAYS_EMBED_SWIFT_STANDARD_LIBRARIES = YES;
				BUNDLE_LOADER = "$(TEST_HOST)";
				FRAMEWORK_SEARCH_PATHS = (
					"$(SDKROOT)/Developer/Library/Frameworks",
					"$(inherited)",
					"$(DEVELOPER_FRAMEWORKS_DIR)",
				);
				GCC_PRECOMPILE_PREFIX_HEADER = YES;
				GCC_PREFIX_HEADER = "Tests/Tests-Prefix.pch";
				GCC_PREPROCESSOR_DEFINITIONS = (
					"DEBUG=1",
					"$(inherited)",
				);
				INFOPLIST_FILE = "Tests/Tests-Info.plist";
				PRODUCT_BUNDLE_IDENTIFIER = "org.cocoapods.demo.${PRODUCT_NAME:rfc1034identifier}";
				PRODUCT_NAME = "$(TARGET_NAME)";
				TEST_HOST = "$(BUILT_PRODUCTS_DIR)/TYPageViewController_Example.app/TYPageViewController_Example";
				WRAPPER_EXTENSION = xctest;
			};
			name = Debug;
		};
		6003F5C4195388D20070C39A /* Release */ = {
			isa = XCBuildConfiguration;
			baseConfigurationReference = 282551B6AF48260E1FD78158 /* Pods-TYPageViewController_Tests.release.xcconfig */;
			buildSettings = {
				ALWAYS_EMBED_SWIFT_STANDARD_LIBRARIES = YES;
				BUNDLE_LOADER = "$(TEST_HOST)";
				FRAMEWORK_SEARCH_PATHS = (
					"$(SDKROOT)/Developer/Library/Frameworks",
					"$(inherited)",
					"$(DEVELOPER_FRAMEWORKS_DIR)",
				);
				GCC_PRECOMPILE_PREFIX_HEADER = YES;
				GCC_PREFIX_HEADER = "Tests/Tests-Prefix.pch";
				INFOPLIST_FILE = "Tests/Tests-Info.plist";
				PRODUCT_BUNDLE_IDENTIFIER = "org.cocoapods.demo.${PRODUCT_NAME:rfc1034identifier}";
				PRODUCT_NAME = "$(TARGET_NAME)";
				TEST_HOST = "$(BUILT_PRODUCTS_DIR)/TYPageViewController_Example.app/TYPageViewController_Example";
				WRAPPER_EXTENSION = xctest;
			};
			name = Release;
		};
/* End XCBuildConfiguration section */

/* Begin XCConfigurationList section */
		6003F585195388D10070C39A /* Build configuration list for PBXProject "TYPageViewController" */ = {
			isa = XCConfigurationList;
			buildConfigurations = (
				6003F5BD195388D20070C39A /* Debug */,
				6003F5BE195388D20070C39A /* Release */,
			);
			defaultConfigurationIsVisible = 0;
			defaultConfigurationName = Release;
		};
		6003F5BF195388D20070C39A /* Build configuration list for PBXNativeTarget "TYPageViewController_Example" */ = {
			isa = XCConfigurationList;
			buildConfigurations = (
				6003F5C0195388D20070C39A /* Debug */,
				6003F5C1195388D20070C39A /* Release */,
			);
			defaultConfigurationIsVisible = 0;
			defaultConfigurationName = Release;
		};
		6003F5C2195388D20070C39A /* Build configuration list for PBXNativeTarget "TYPageViewController_Tests" */ = {
			isa = XCConfigurationList;
			buildConfigurations = (
				6003F5C3195388D20070C39A /* Debug */,
				6003F5C4195388D20070C39A /* Release */,
			);
			defaultConfigurationIsVisible = 0;
			defaultConfigurationName = Release;
		};
/* End XCConfigurationList section */
	};
	rootObject = 6003F582195388D10070C39A /* Project object */;
}
